
Microsoft Visual Studio Solution File, Format Version 12.00
# Visual Studio Version 17
VisualStudioVersion = 17.0.31903.59
MinimumVisualStudioVersion = 10.0.40219.1
Project("{FAE04EC0-301F-11D3-BF4B-00C04F79EFBC}") = "Accounts", "..\Accounts\Accounts\Accounts.csproj", "{F0D1DA46-4572-4310-912D-7D3943F8A919}"
EndProject
Project("{FAE04EC0-301F-11D3-BF4B-00C04F79EFBC}") = "AssemblyLoading", "..\Accounts\AssemblyLoading\AssemblyLoading.csproj", "{1EC53889-904F-4763-80D5-4D2B53D8E104}"
EndProject
Project("{FAE04EC0-301F-11D3-BF4B-00C04F79EFBC}") = "Authentication", "..\Accounts\Authentication\Authentication.csproj", "{F4153ABE-0754-40EF-910B-8E80C741F1E9}"
EndProject
Project("{FAE04EC0-301F-11D3-BF4B-00C04F79EFBC}") = "Authentication.ResourceManager", "..\Accounts\Authentication.ResourceManager\Authentication.ResourceManager.csproj", "{AFF46063-2E2B-42F6-811B-1E394DC22D86}"
EndProject
Project("{FAE04EC0-301F-11D3-BF4B-00C04F79EFBC}") = "AuthenticationAssemblyLoadContext", "..\Accounts\AuthenticationAssemblyLoadContext\AuthenticationAssemblyLoadContext.csproj", "{60E57707-15D0-4E29-970F-2CE86CC243BC}"
EndProject
Project("{FAE04EC0-301F-11D3-BF4B-00C04F79EFBC}") = "Authenticators", "..\Accounts\Authenticators\Authenticators.csproj", "{5E2CB8F8-230F-4764-BA80-0E439DD73C9B}"
EndProject
Project("{FAE04EC0-301F-11D3-BF4B-00C04F79EFBC}") = "Az.Orbital", "Az.Orbital.csproj", "{5C3D4D18-A31F-420C-AF1D-9ECE3B4C9595}"
EndProject
Global
	GlobalSection(SolutionConfigurationPlatforms) = preSolution
		Debug|Any CPU = Debug|Any CPU
		Release|Any CPU = Release|Any CPU
	EndGlobalSection
	GlobalSection(SolutionProperties) = preSolution
		HideSolutionNode = FALSE
	EndGlobalSection
	GlobalSection(ProjectConfigurationPlatforms) = postSolution
		{F0D1DA46-4572-4310-912D-7D3943F8A919}.Debug|Any CPU.ActiveCfg = Debug|Any CPU
		{F0D1DA46-4572-4310-912D-7D3943F8A919}.Debug|Any CPU.Build.0 = Debug|Any CPU
		{F0D1DA46-4572-4310-912D-7D3943F8A919}.Release|Any CPU.ActiveCfg = Release|Any CPU
		{F0D1DA46-4572-4310-912D-7D3943F8A919}.Release|Any CPU.Build.0 = Release|Any CPU
		{1EC53889-904F-4763-80D5-4D2B53D8E104}.Debug|Any CPU.ActiveCfg = Debug|Any CPU
		{1EC53889-904F-4763-80D5-4D2B53D8E104}.Debug|Any CPU.Build.0 = Debug|Any CPU
		{1EC53889-904F-4763-80D5-4D2B53D8E104}.Release|Any CPU.ActiveCfg = Release|Any CPU
		{1EC53889-904F-4763-80D5-4D2B53D8E104}.Release|Any CPU.Build.0 = Release|Any CPU
		{F4153ABE-0754-40EF-910B-8E80C741F1E9}.Debug|Any CPU.ActiveCfg = Debug|Any CPU
		{F4153ABE-0754-40EF-910B-8E80C741F1E9}.Debug|Any CPU.Build.0 = Debug|Any CPU
		{F4153ABE-0754-40EF-910B-8E80C741F1E9}.Release|Any CPU.ActiveCfg = Release|Any CPU
		{F4153ABE-0754-40EF-910B-8E80C741F1E9}.Release|Any CPU.Build.0 = Release|Any CPU
		{AFF46063-2E2B-42F6-811B-1E394DC22D86}.Debug|Any CPU.ActiveCfg = Debug|Any CPU
		{AFF46063-2E2B-42F6-811B-1E394DC22D86}.Debug|Any CPU.Build.0 = Debug|Any CPU
		{AFF46063-2E2B-42F6-811B-1E394DC22D86}.Release|Any CPU.ActiveCfg = Release|Any CPU
		{AFF46063-2E2B-42F6-811B-1E394DC22D86}.Release|Any CPU.Build.0 = Release|Any CPU
		{60E57707-15D0-4E29-970F-2CE86CC243BC}.Debug|Any CPU.ActiveCfg = Debug|Any CPU
		{60E57707-15D0-4E29-970F-2CE86CC243BC}.Debug|Any CPU.Build.0 = Debug|Any CPU
		{60E57707-15D0-4E29-970F-2CE86CC243BC}.Release|Any CPU.ActiveCfg = Release|Any CPU
		{60E57707-15D0-4E29-970F-2CE86CC243BC}.Release|Any CPU.Build.0 = Release|Any CPU
		{5E2CB8F8-230F-4764-BA80-0E439DD73C9B}.Debug|Any CPU.ActiveCfg = Debug|Any CPU
		{5E2CB8F8-230F-4764-BA80-0E439DD73C9B}.Debug|Any CPU.Build.0 = Debug|Any CPU
		{5E2CB8F8-230F-4764-BA80-0E439DD73C9B}.Release|Any CPU.ActiveCfg = Release|Any CPU
		{5E2CB8F8-230F-4764-BA80-0E439DD73C9B}.Release|Any CPU.Build.0 = Release|Any CPU
		{5C3D4D18-A31F-420C-AF1D-9ECE3B4C9595}.Debug|Any CPU.ActiveCfg = Debug|Any CPU
		{5C3D4D18-A31F-420C-AF1D-9ECE3B4C9595}.Debug|Any CPU.Build.0 = Debug|Any CPU
		{5C3D4D18-A31F-420C-AF1D-9ECE3B4C9595}.Release|Any CPU.ActiveCfg = Release|Any CPU
		{5C3D4D18-A31F-420C-AF1D-9ECE3B4C9595}.Release|Any CPU.Build.0 = Release|Any CPU
	EndGlobalSection
EndGlobal
