
Microsoft Visual Studio Solution File, Format Version 12.00
# Visual Studio Version 16
VisualStudioVersion = 16.6.30114.105
MinimumVisualStudioVersion = 10.0.40219.1
Project("{FAE04EC0-301F-11D3-BF4B-00C04F79EFBC}") = "Accounts", "..\Accounts\Accounts\Accounts.csproj", "{DC610B5B-4A86-41BE-B8EB-D7663FF7601C}"
EndProject
Project("{FAE04EC0-301F-11D3-BF4B-00C04F79EFBC}") = "Authentication", "..\Accounts\Authentication\Authentication.csproj", "{70085FED-41B1-40B1-A13E-DFE10876E12B}"
EndProject
Project("{FAE04EC0-301F-11D3-BF4B-00C04F79EFBC}") = "Authentication.ResourceManager", "..\Accounts\Authentication.ResourceManager\Authentication.ResourceManager.csproj", "{FDCEF875-F5E2-471E-B3A7-9450626733B5}"
EndProject
Project("{FAE04EC0-301F-11D3-BF4B-00C04F79EFBC}") = "AuthenticationAssemblyLoadContext", "..\Accounts\AuthenticationAssemblyLoadContext\AuthenticationAssemblyLoadContext.csproj", "{01E98C69-1A95-4CBE-AB9A-FCE15EA0FE8C}"
EndProject
Project("{FAE04EC0-301F-11D3-BF4B-00C04F79EFBC}") = "Authenticators", "..\Accounts\Authenticators\Authenticators.csproj", "{86A27A8E-FDB8-4F6E-8343-E38A06F4EFE2}"
EndProject
Project("{FAE04EC0-301F-11D3-BF4B-00C04F79EFBC}") = "Az.Orbital", "Az.Orbital.csproj", "{FB18DE26-86F2-49BA-BD61-A4A191C1C02A}"
EndProject
Global
	GlobalSection(SolutionConfigurationPlatforms) = preSolution
		Debug|Any CPU = Debug|Any CPU
		Debug|x64 = Debug|x64
		Debug|x86 = Debug|x86
		Release|Any CPU = Release|Any CPU
		Release|x64 = Release|x64
		Release|x86 = Release|x86
	EndGlobalSection
	GlobalSection(SolutionProperties) = preSolution
		HideSolutionNode = FALSE
	EndGlobalSection
	GlobalSection(ProjectConfigurationPlatforms) = postSolution
		{DC610B5B-4A86-41BE-B8EB-D7663FF7601C}.Debug|Any CPU.ActiveCfg = Debug|Any CPU
		{DC610B5B-4A86-41BE-B8EB-D7663FF7601C}.Debug|Any CPU.Build.0 = Debug|Any CPU
		{DC610B5B-4A86-41BE-B8EB-D7663FF7601C}.Debug|x64.ActiveCfg = Debug|Any CPU
		{DC610B5B-4A86-41BE-B8EB-D7663FF7601C}.Debug|x64.Build.0 = Debug|Any CPU
		{DC610B5B-4A86-41BE-B8EB-D7663FF7601C}.Debug|x86.ActiveCfg = Debug|Any CPU
		{DC610B5B-4A86-41BE-B8EB-D7663FF7601C}.Debug|x86.Build.0 = Debug|Any CPU
		{DC610B5B-4A86-41BE-B8EB-D7663FF7601C}.Release|Any CPU.ActiveCfg = Release|Any CPU
		{DC610B5B-4A86-41BE-B8EB-D7663FF7601C}.Release|Any CPU.Build.0 = Release|Any CPU
		{DC610B5B-4A86-41BE-B8EB-D7663FF7601C}.Release|x64.ActiveCfg = Release|Any CPU
		{DC610B5B-4A86-41BE-B8EB-D7663FF7601C}.Release|x64.Build.0 = Release|Any CPU
		{DC610B5B-4A86-41BE-B8EB-D7663FF7601C}.Release|x86.ActiveCfg = Release|Any CPU
		{DC610B5B-4A86-41BE-B8EB-D7663FF7601C}.Release|x86.Build.0 = Release|Any CPU
		{70085FED-41B1-40B1-A13E-DFE10876E12B}.Debug|Any CPU.ActiveCfg = Debug|Any CPU
		{70085FED-41B1-40B1-A13E-DFE10876E12B}.Debug|Any CPU.Build.0 = Debug|Any CPU
		{70085FED-41B1-40B1-A13E-DFE10876E12B}.Debug|x64.ActiveCfg = Debug|Any CPU
		{70085FED-41B1-40B1-A13E-DFE10876E12B}.Debug|x64.Build.0 = Debug|Any CPU
		{70085FED-41B1-40B1-A13E-DFE10876E12B}.Debug|x86.ActiveCfg = Debug|Any CPU
		{70085FED-41B1-40B1-A13E-DFE10876E12B}.Debug|x86.Build.0 = Debug|Any CPU
		{70085FED-41B1-40B1-A13E-DFE10876E12B}.Release|Any CPU.ActiveCfg = Release|Any CPU
		{70085FED-41B1-40B1-A13E-DFE10876E12B}.Release|Any CPU.Build.0 = Release|Any CPU
		{70085FED-41B1-40B1-A13E-DFE10876E12B}.Release|x64.ActiveCfg = Release|Any CPU
		{70085FED-41B1-40B1-A13E-DFE10876E12B}.Release|x64.Build.0 = Release|Any CPU
		{70085FED-41B1-40B1-A13E-DFE10876E12B}.Release|x86.ActiveCfg = Release|Any CPU
		{70085FED-41B1-40B1-A13E-DFE10876E12B}.Release|x86.Build.0 = Release|Any CPU
		{FDCEF875-F5E2-471E-B3A7-9450626733B5}.Debug|Any CPU.ActiveCfg = Debug|Any CPU
		{FDCEF875-F5E2-471E-B3A7-9450626733B5}.Debug|Any CPU.Build.0 = Debug|Any CPU
		{FDCEF875-F5E2-471E-B3A7-9450626733B5}.Debug|x64.ActiveCfg = Debug|Any CPU
		{FDCEF875-F5E2-471E-B3A7-9450626733B5}.Debug|x64.Build.0 = Debug|Any CPU
		{FDCEF875-F5E2-471E-B3A7-9450626733B5}.Debug|x86.ActiveCfg = Debug|Any CPU
		{FDCEF875-F5E2-471E-B3A7-9450626733B5}.Debug|x86.Build.0 = Debug|Any CPU
		{FDCEF875-F5E2-471E-B3A7-9450626733B5}.Release|Any CPU.ActiveCfg = Release|Any CPU
		{FDCEF875-F5E2-471E-B3A7-9450626733B5}.Release|Any CPU.Build.0 = Release|Any CPU
		{FDCEF875-F5E2-471E-B3A7-9450626733B5}.Release|x64.ActiveCfg = Release|Any CPU
		{FDCEF875-F5E2-471E-B3A7-9450626733B5}.Release|x64.Build.0 = Release|Any CPU
		{FDCEF875-F5E2-471E-B3A7-9450626733B5}.Release|x86.ActiveCfg = Release|Any CPU
		{FDCEF875-F5E2-471E-B3A7-9450626733B5}.Release|x86.Build.0 = Release|Any CPU
		{01E98C69-1A95-4CBE-AB9A-FCE15EA0FE8C}.Debug|Any CPU.ActiveCfg = Debug|Any CPU
		{01E98C69-1A95-4CBE-AB9A-FCE15EA0FE8C}.Debug|Any CPU.Build.0 = Debug|Any CPU
		{01E98C69-1A95-4CBE-AB9A-FCE15EA0FE8C}.Debug|x64.ActiveCfg = Debug|Any CPU
		{01E98C69-1A95-4CBE-AB9A-FCE15EA0FE8C}.Debug|x64.Build.0 = Debug|Any CPU
		{01E98C69-1A95-4CBE-AB9A-FCE15EA0FE8C}.Debug|x86.ActiveCfg = Debug|Any CPU
		{01E98C69-1A95-4CBE-AB9A-FCE15EA0FE8C}.Debug|x86.Build.0 = Debug|Any CPU
		{01E98C69-1A95-4CBE-AB9A-FCE15EA0FE8C}.Release|Any CPU.ActiveCfg = Release|Any CPU
		{01E98C69-1A95-4CBE-AB9A-FCE15EA0FE8C}.Release|Any CPU.Build.0 = Release|Any CPU
		{01E98C69-1A95-4CBE-AB9A-FCE15EA0FE8C}.Release|x64.ActiveCfg = Release|Any CPU
		{01E98C69-1A95-4CBE-AB9A-FCE15EA0FE8C}.Release|x64.Build.0 = Release|Any CPU
		{01E98C69-1A95-4CBE-AB9A-FCE15EA0FE8C}.Release|x86.ActiveCfg = Release|Any CPU
		{01E98C69-1A95-4CBE-AB9A-FCE15EA0FE8C}.Release|x86.Build.0 = Release|Any CPU
		{86A27A8E-FDB8-4F6E-8343-E38A06F4EFE2}.Debug|Any CPU.ActiveCfg = Debug|Any CPU
		{86A27A8E-FDB8-4F6E-8343-E38A06F4EFE2}.Debug|Any CPU.Build.0 = Debug|Any CPU
		{86A27A8E-FDB8-4F6E-8343-E38A06F4EFE2}.Debug|x64.ActiveCfg = Debug|Any CPU
		{86A27A8E-FDB8-4F6E-8343-E38A06F4EFE2}.Debug|x64.Build.0 = Debug|Any CPU
		{86A27A8E-FDB8-4F6E-8343-E38A06F4EFE2}.Debug|x86.ActiveCfg = Debug|Any CPU
		{86A27A8E-FDB8-4F6E-8343-E38A06F4EFE2}.Debug|x86.Build.0 = Debug|Any CPU
		{86A27A8E-FDB8-4F6E-8343-E38A06F4EFE2}.Release|Any CPU.ActiveCfg = Release|Any CPU
		{86A27A8E-FDB8-4F6E-8343-E38A06F4EFE2}.Release|Any CPU.Build.0 = Release|Any CPU
		{86A27A8E-FDB8-4F6E-8343-E38A06F4EFE2}.Release|x64.ActiveCfg = Release|Any CPU
		{86A27A8E-FDB8-4F6E-8343-E38A06F4EFE2}.Release|x64.Build.0 = Release|Any CPU
		{86A27A8E-FDB8-4F6E-8343-E38A06F4EFE2}.Release|x86.ActiveCfg = Release|Any CPU
		{86A27A8E-FDB8-4F6E-8343-E38A06F4EFE2}.Release|x86.Build.0 = Release|Any CPU
		{FB18DE26-86F2-49BA-BD61-A4A191C1C02A}.Debug|Any CPU.ActiveCfg = Debug|Any CPU
		{FB18DE26-86F2-49BA-BD61-A4A191C1C02A}.Debug|Any CPU.Build.0 = Debug|Any CPU
		{FB18DE26-86F2-49BA-BD61-A4A191C1C02A}.Debug|x64.ActiveCfg = Debug|Any CPU
		{FB18DE26-86F2-49BA-BD61-A4A191C1C02A}.Debug|x64.Build.0 = Debug|Any CPU
		{FB18DE26-86F2-49BA-BD61-A4A191C1C02A}.Debug|x86.ActiveCfg = Debug|Any CPU
		{FB18DE26-86F2-49BA-BD61-A4A191C1C02A}.Debug|x86.Build.0 = Debug|Any CPU
		{FB18DE26-86F2-49BA-BD61-A4A191C1C02A}.Release|Any CPU.ActiveCfg = Release|Any CPU
		{FB18DE26-86F2-49BA-BD61-A4A191C1C02A}.Release|Any CPU.Build.0 = Release|Any CPU
		{FB18DE26-86F2-49BA-BD61-A4A191C1C02A}.Release|x64.ActiveCfg = Release|Any CPU
		{FB18DE26-86F2-49BA-BD61-A4A191C1C02A}.Release|x64.Build.0 = Release|Any CPU
		{FB18DE26-86F2-49BA-BD61-A4A191C1C02A}.Release|x86.ActiveCfg = Release|Any CPU
		{FB18DE26-86F2-49BA-BD61-A4A191C1C02A}.Release|x86.Build.0 = Release|Any CPU
	EndGlobalSection
EndGlobal
