
Microsoft Visual Studio Solution File, Format Version 12.00
# Visual Studio Version 17
VisualStudioVersion = 17.0.31903.59
MinimumVisualStudioVersion = 10.0.40219.1
Project("{2150E333-8FDC-42A3-9474-1A3956D46DE8}") = "Accounts", "Accounts", "{D5CFA6F6-3E61-4D52-AC5C-716CEB63CF76}"
EndProject
Project("{FAE04EC0-301F-11D3-BF4B-00C04F79EFBC}") = "Accounts", "..\Accounts\Accounts\Accounts.csproj", "{9B1B2215-40D9-4B8F-AC71-4D55955F79E5}"
EndProject
Project("{FAE04EC0-301F-11D3-BF4B-00C04F79EFBC}") = "AssemblyLoading", "..\Accounts\AssemblyLoading\AssemblyLoading.csproj", "{7D994201-21F4-48FC-8B21-8B99343C5D3A}"
EndProject
Project("{FAE04EC0-301F-11D3-BF4B-00C04F79EFBC}") = "Authentication.ResourceManager", "..\Accounts\Authentication.ResourceManager\Authentication.ResourceManager.csproj", "{19FB4286-A150-4075-A33B-D21B8C12BDE0}"
EndProject
Project("{FAE04EC0-301F-11D3-BF4B-00C04F79EFBC}") = "Authentication", "..\Accounts\Authentication\Authentication.csproj", "{C8BDD8DD-9317-4E8E-BED5-C98B92C20A7D}"
EndProject
Project("{FAE04EC0-301F-11D3-BF4B-00C04F79EFBC}") = "AuthenticationAssemblyLoadContext", "..\Accounts\AuthenticationAssemblyLoadContext\AuthenticationAssemblyLoadContext.csproj", "{4DFD9A16-C793-4D77-8BEF-28160B3DAF8C}"
EndProject
Project("{FAE04EC0-301F-11D3-BF4B-00C04F79EFBC}") = "Authenticators", "..\Accounts\Authenticators\Authenticators.csproj", "{1B52B354-D27C-40EC-A1C4-E805DF566892}"
EndProject
Project("{FAE04EC0-301F-11D3-BF4B-00C04F79EFBC}") = "Datadog", "Datadog\Datadog.csproj", "{8886F5D6-0DC5-4867-B31F-31D94B0E7A06}"
EndProject
Project("{FAE04EC0-301F-11D3-BF4B-00C04F79EFBC}") = "Az.Datadog", "..\..\generated\Datadog\Datadog.Autorest\Az.Datadog.csproj", "{7C966BA3-9767-4167-BCFA-058C02280E73}"
EndProject
Global
	GlobalSection(SolutionConfigurationPlatforms) = preSolution
		Debug|Any CPU = Debug|Any CPU
		Release|Any CPU = Release|Any CPU
	EndGlobalSection
	GlobalSection(SolutionProperties) = preSolution
		HideSolutionNode = FALSE
	EndGlobalSection
	GlobalSection(ProjectConfigurationPlatforms) = postSolution
		{9B1B2215-40D9-4B8F-AC71-4D55955F79E5}.Debug|Any CPU.ActiveCfg = Debug|Any CPU
		{9B1B2215-40D9-4B8F-AC71-4D55955F79E5}.Debug|Any CPU.Build.0 = Debug|Any CPU
		{9B1B2215-40D9-4B8F-AC71-4D55955F79E5}.Release|Any CPU.ActiveCfg = Release|Any CPU
		{9B1B2215-40D9-4B8F-AC71-4D55955F79E5}.Release|Any CPU.Build.0 = Release|Any CPU
		{7D994201-21F4-48FC-8B21-8B99343C5D3A}.Debug|Any CPU.ActiveCfg = Debug|Any CPU
		{7D994201-21F4-48FC-8B21-8B99343C5D3A}.Debug|Any CPU.Build.0 = Debug|Any CPU
		{7D994201-21F4-48FC-8B21-8B99343C5D3A}.Release|Any CPU.ActiveCfg = Release|Any CPU
		{7D994201-21F4-48FC-8B21-8B99343C5D3A}.Release|Any CPU.Build.0 = Release|Any CPU
		{19FB4286-A150-4075-A33B-D21B8C12BDE0}.Debug|Any CPU.ActiveCfg = Debug|Any CPU
		{19FB4286-A150-4075-A33B-D21B8C12BDE0}.Debug|Any CPU.Build.0 = Debug|Any CPU
		{19FB4286-A150-4075-A33B-D21B8C12BDE0}.Release|Any CPU.ActiveCfg = Release|Any CPU
		{19FB4286-A150-4075-A33B-D21B8C12BDE0}.Release|Any CPU.Build.0 = Release|Any CPU
		{C8BDD8DD-9317-4E8E-BED5-C98B92C20A7D}.Debug|Any CPU.ActiveCfg = Debug|Any CPU
		{C8BDD8DD-9317-4E8E-BED5-C98B92C20A7D}.Debug|Any CPU.Build.0 = Debug|Any CPU
		{C8BDD8DD-9317-4E8E-BED5-C98B92C20A7D}.Release|Any CPU.ActiveCfg = Release|Any CPU
		{C8BDD8DD-9317-4E8E-BED5-C98B92C20A7D}.Release|Any CPU.Build.0 = Release|Any CPU
		{4DFD9A16-C793-4D77-8BEF-28160B3DAF8C}.Debug|Any CPU.ActiveCfg = Debug|Any CPU
		{4DFD9A16-C793-4D77-8BEF-28160B3DAF8C}.Debug|Any CPU.Build.0 = Debug|Any CPU
		{4DFD9A16-C793-4D77-8BEF-28160B3DAF8C}.Release|Any CPU.ActiveCfg = Release|Any CPU
		{4DFD9A16-C793-4D77-8BEF-28160B3DAF8C}.Release|Any CPU.Build.0 = Release|Any CPU
		{1B52B354-D27C-40EC-A1C4-E805DF566892}.Debug|Any CPU.ActiveCfg = Debug|Any CPU
		{1B52B354-D27C-40EC-A1C4-E805DF566892}.Debug|Any CPU.Build.0 = Debug|Any CPU
		{1B52B354-D27C-40EC-A1C4-E805DF566892}.Release|Any CPU.ActiveCfg = Release|Any CPU
		{1B52B354-D27C-40EC-A1C4-E805DF566892}.Release|Any CPU.Build.0 = Release|Any CPU
		{8886F5D6-0DC5-4867-B31F-31D94B0E7A06}.Debug|Any CPU.ActiveCfg = Debug|Any CPU
		{8886F5D6-0DC5-4867-B31F-31D94B0E7A06}.Debug|Any CPU.Build.0 = Debug|Any CPU
		{8886F5D6-0DC5-4867-B31F-31D94B0E7A06}.Release|Any CPU.ActiveCfg = Release|Any CPU
		{8886F5D6-0DC5-4867-B31F-31D94B0E7A06}.Release|Any CPU.Build.0 = Release|Any CPU
		{7C966BA3-9767-4167-BCFA-058C02280E73}.Debug|Any CPU.ActiveCfg = Debug|Any CPU
		{7C966BA3-9767-4167-BCFA-058C02280E73}.Debug|Any CPU.Build.0 = Debug|Any CPU
		{7C966BA3-9767-4167-BCFA-058C02280E73}.Release|Any CPU.ActiveCfg = Release|Any CPU
		{7C966BA3-9767-4167-BCFA-058C02280E73}.Release|Any CPU.Build.0 = Release|Any CPU
	EndGlobalSection
	GlobalSection(NestedProjects) = preSolution
		{9B1B2215-40D9-4B8F-AC71-4D55955F79E5} = {D5CFA6F6-3E61-4D52-AC5C-716CEB63CF76}
		{7D994201-21F4-48FC-8B21-8B99343C5D3A} = {D5CFA6F6-3E61-4D52-AC5C-716CEB63CF76}
		{19FB4286-A150-4075-A33B-D21B8C12BDE0} = {D5CFA6F6-3E61-4D52-AC5C-716CEB63CF76}
		{C8BDD8DD-9317-4E8E-BED5-C98B92C20A7D} = {D5CFA6F6-3E61-4D52-AC5C-716CEB63CF76}
		{4DFD9A16-C793-4D77-8BEF-28160B3DAF8C} = {D5CFA6F6-3E61-4D52-AC5C-716CEB63CF76}
		{1B52B354-D27C-40EC-A1C4-E805DF566892} = {D5CFA6F6-3E61-4D52-AC5C-716CEB63CF76}
	EndGlobalSection
EndGlobal
