
Microsoft Visual Studio Solution File, Format Version 12.00
# Visual Studio 15
VisualStudioVersion = 15.0.26430.13
MinimumVisualStudioVersion = 10.0.40219.1
Project("{FAE04EC0-301F-11D3-BF4B-00C04F79EFBC}") = "Azs.Backup.Admin", "Module\Azs.Backup.Admin.csproj", "{1AFDCC75-D74A-4954-B1A8-29C851EB9F25}"
EndProject
Project("{FAE04EC0-301F-11D3-BF4B-00C04F79EFBC}") = "Azs.Backup.Admin.Tests", "Tests\Azs.Backup.Admin.Tests.csproj", "{30AC1D59-E029-47F2-B0F6-7F0548612F22}"
EndProject
Project("{2150E333-8FDC-42A3-9474-1A3956D46DE8}") = "Solution Files", "Solution Files", "{060D6F31-AF9F-459B-A01B-F7B18726A72D}"
	ProjectSection(SolutionItems) = preProject
		nuget.config = nuget.config
	EndProjectSection
EndProject
Global
	GlobalSection(SolutionConfigurationPlatforms) = preSolution
		Debug|Any CPU = Debug|Any CPU
		Release|Any CPU = Release|Any CPU
	EndGlobalSection
	GlobalSection(ProjectConfigurationPlatforms) = postSolution
		{1AFDCC75-D74A-4954-B1A8-29C851EB9F25}.Debug|Any CPU.ActiveCfg = Debug|Any CPU
		{1AFDCC75-D74A-4954-B1A8-29C851EB9F25}.Debug|Any CPU.Build.0 = Debug|Any CPU
		{1AFDCC75-D74A-4954-B1A8-29C851EB9F25}.Release|Any CPU.ActiveCfg = Release|Any CPU
		{1AFDCC75-D74A-4954-B1A8-29C851EB9F25}.Release|Any CPU.Build.0 = Release|Any CPU
		{30AC1D59-E029-47F2-B0F6-7F0548612F22}.Debug|Any CPU.ActiveCfg = Debug|Any CPU
		{30AC1D59-E029-47F2-B0F6-7F0548612F22}.Debug|Any CPU.Build.0 = Debug|Any CPU
		{30AC1D59-E029-47F2-B0F6-7F0548612F22}.Release|Any CPU.ActiveCfg = Release|Any CPU
		{30AC1D59-E029-47F2-B0F6-7F0548612F22}.Release|Any CPU.Build.0 = Release|Any CPU
	EndGlobalSection
	GlobalSection(SolutionProperties) = preSolution
		HideSolutionNode = FALSE
	EndGlobalSection
EndGlobal
