
Microsoft Visual Studio Solution File, Format Version 12.00
# Visual Studio Version 17
VisualStudioVersion = 17.0.31903.59
MinimumVisualStudioVersion = 10.0.40219.1
Project("{FAE04EC0-301F-11D3-BF4B-00C04F79EFBC}") = "Accounts", "..\Accounts\Accounts\Accounts.csproj", "{48337DD5-F789-441B-A639-05C22C335640}"
EndProject
Project("{FAE04EC0-301F-11D3-BF4B-00C04F79EFBC}") = "AssemblyLoading", "..\Accounts\AssemblyLoading\AssemblyLoading.csproj", "{3C6D7E5F-35BF-4C16-9FC4-314488FE0FEE}"
EndProject
Project("{FAE04EC0-301F-11D3-BF4B-00C04F79EFBC}") = "Authentication", "..\Accounts\Authentication\Authentication.csproj", "{53BFE84F-E590-49F8-AB83-C829EEC99A01}"
EndProject
Project("{FAE04EC0-301F-11D3-BF4B-00C04F79EFBC}") = "Authentication.ResourceManager", "..\Accounts\Authentication.ResourceManager\Authentication.ResourceManager.csproj", "{3DB5C9B1-8572-462D-91C3-9E9F455A9689}"
EndProject
Project("{FAE04EC0-301F-11D3-BF4B-00C04F79EFBC}") = "AuthenticationAssemblyLoadContext", "..\Accounts\AuthenticationAssemblyLoadContext\AuthenticationAssemblyLoadContext.csproj", "{F6F89D44-1363-4E00-8FCF-C5BDCF3E92FF}"
EndProject
Project("{FAE04EC0-301F-11D3-BF4B-00C04F79EFBC}") = "Authenticators", "..\Accounts\Authenticators\Authenticators.csproj", "{65F523FA-337A-42D8-B7B0-BF7D7616E875}"
EndProject
Project("{FAE04EC0-301F-11D3-BF4B-00C04F79EFBC}") = "DesktopVirtualization", "DesktopVirtualization\DesktopVirtualization.csproj", "{743D81C1-EC87-4B6A-9818-B73F784C0771}"
EndProject
Project("{FAE04EC0-301F-11D3-BF4B-00C04F79EFBC}") = "Az.DesktopVirtualization", "DesktopVirtualization.Autorest\Az.DesktopVirtualization.csproj", "{9AF7E104-F4D9-49F4-87A0-8D0AFD13DCB2}"
EndProject
Global
	GlobalSection(SolutionConfigurationPlatforms) = preSolution
		Debug|Any CPU = Debug|Any CPU
		Release|Any CPU = Release|Any CPU
	EndGlobalSection
	GlobalSection(SolutionProperties) = preSolution
		HideSolutionNode = FALSE
	EndGlobalSection
	GlobalSection(ProjectConfigurationPlatforms) = postSolution
		{48337DD5-F789-441B-A639-05C22C335640}.Debug|Any CPU.ActiveCfg = Debug|Any CPU
		{48337DD5-F789-441B-A639-05C22C335640}.Debug|Any CPU.Build.0 = Debug|Any CPU
		{48337DD5-F789-441B-A639-05C22C335640}.Release|Any CPU.ActiveCfg = Release|Any CPU
		{48337DD5-F789-441B-A639-05C22C335640}.Release|Any CPU.Build.0 = Release|Any CPU
		{3C6D7E5F-35BF-4C16-9FC4-314488FE0FEE}.Debug|Any CPU.ActiveCfg = Debug|Any CPU
		{3C6D7E5F-35BF-4C16-9FC4-314488FE0FEE}.Debug|Any CPU.Build.0 = Debug|Any CPU
		{3C6D7E5F-35BF-4C16-9FC4-314488FE0FEE}.Release|Any CPU.ActiveCfg = Release|Any CPU
		{3C6D7E5F-35BF-4C16-9FC4-314488FE0FEE}.Release|Any CPU.Build.0 = Release|Any CPU
		{53BFE84F-E590-49F8-AB83-C829EEC99A01}.Debug|Any CPU.ActiveCfg = Debug|Any CPU
		{53BFE84F-E590-49F8-AB83-C829EEC99A01}.Debug|Any CPU.Build.0 = Debug|Any CPU
		{53BFE84F-E590-49F8-AB83-C829EEC99A01}.Release|Any CPU.ActiveCfg = Release|Any CPU
		{53BFE84F-E590-49F8-AB83-C829EEC99A01}.Release|Any CPU.Build.0 = Release|Any CPU
		{3DB5C9B1-8572-462D-91C3-9E9F455A9689}.Debug|Any CPU.ActiveCfg = Debug|Any CPU
		{3DB5C9B1-8572-462D-91C3-9E9F455A9689}.Debug|Any CPU.Build.0 = Debug|Any CPU
		{3DB5C9B1-8572-462D-91C3-9E9F455A9689}.Release|Any CPU.ActiveCfg = Release|Any CPU
		{3DB5C9B1-8572-462D-91C3-9E9F455A9689}.Release|Any CPU.Build.0 = Release|Any CPU
		{F6F89D44-1363-4E00-8FCF-C5BDCF3E92FF}.Debug|Any CPU.ActiveCfg = Debug|Any CPU
		{F6F89D44-1363-4E00-8FCF-C5BDCF3E92FF}.Debug|Any CPU.Build.0 = Debug|Any CPU
		{F6F89D44-1363-4E00-8FCF-C5BDCF3E92FF}.Release|Any CPU.ActiveCfg = Release|Any CPU
		{F6F89D44-1363-4E00-8FCF-C5BDCF3E92FF}.Release|Any CPU.Build.0 = Release|Any CPU
		{65F523FA-337A-42D8-B7B0-BF7D7616E875}.Debug|Any CPU.ActiveCfg = Debug|Any CPU
		{65F523FA-337A-42D8-B7B0-BF7D7616E875}.Debug|Any CPU.Build.0 = Debug|Any CPU
		{65F523FA-337A-42D8-B7B0-BF7D7616E875}.Release|Any CPU.ActiveCfg = Release|Any CPU
		{65F523FA-337A-42D8-B7B0-BF7D7616E875}.Release|Any CPU.Build.0 = Release|Any CPU
		{743D81C1-EC87-4B6A-9818-B73F784C0771}.Debug|Any CPU.ActiveCfg = Debug|Any CPU
		{743D81C1-EC87-4B6A-9818-B73F784C0771}.Debug|Any CPU.Build.0 = Debug|Any CPU
		{743D81C1-EC87-4B6A-9818-B73F784C0771}.Release|Any CPU.ActiveCfg = Release|Any CPU
		{743D81C1-EC87-4B6A-9818-B73F784C0771}.Release|Any CPU.Build.0 = Release|Any CPU
		{9AF7E104-F4D9-49F4-87A0-8D0AFD13DCB2}.Debug|Any CPU.ActiveCfg = Debug|Any CPU
		{9AF7E104-F4D9-49F4-87A0-8D0AFD13DCB2}.Debug|Any CPU.Build.0 = Debug|Any CPU
		{9AF7E104-F4D9-49F4-87A0-8D0AFD13DCB2}.Release|Any CPU.ActiveCfg = Release|Any CPU
		{9AF7E104-F4D9-49F4-87A0-8D0AFD13DCB2}.Release|Any CPU.Build.0 = Release|Any CPU
	EndGlobalSection
EndGlobal
