
Microsoft Visual Studio Solution File, Format Version 12.00
# Visual Studio Version 17
VisualStudioVersion = 17.0.31903.59
MinimumVisualStudioVersion = 10.0.40219.1
Project("{2150E333-8FDC-42A3-9474-1A3956D46DE8}") = "Accounts", "Accounts", "{32836310-FB5E-5A92-56B4-44D826EF11F5}"
EndProject
Project("{FAE04EC0-301F-11D3-BF4B-00C04F79EFBC}") = "Accounts", "..\Accounts\Accounts\Accounts.csproj", "{BD80AF41-CE77-4270-BC3D-5277C6385E31}"
EndProject
Project("{FAE04EC0-301F-11D3-BF4B-00C04F79EFBC}") = "Authentication.ResourceManager", "..\Accounts\Authentication.ResourceManager\Authentication.ResourceManager.csproj", "{DA19FF1E-71ED-4DBD-99FB-D5D9D8175889}"
EndProject
Project("{FAE04EC0-301F-11D3-BF4B-00C04F79EFBC}") = "Authentication", "..\Accounts\Authentication\Authentication.csproj", "{72E47CAD-097F-4BA2-8102-FDBAC24CA530}"
EndProject
Project("{FAE04EC0-301F-11D3-BF4B-00C04F79EFBC}") = "AssemblyLoading", "..\Accounts\AssemblyLoading\AssemblyLoading.csproj", "{249766B7-587C-4EEB-B661-FC1BD89C2701}"
EndProject
Project("{FAE04EC0-301F-11D3-BF4B-00C04F79EFBC}") = "Authenticators", "..\Accounts\Authenticators\Authenticators.csproj", "{03173C38-3081-4FC1-ACB4-B4AB4ECF30D8}"
EndProject
Project("{FAE04EC0-301F-11D3-BF4B-00C04F79EFBC}") = "AuthenticationAssemblyLoadContext", "..\Accounts\AuthenticationAssemblyLoadContext\AuthenticationAssemblyLoadContext.csproj", "{369E9EB9-998A-4562-AE78-1B0CBF0D9C6E}"
EndProject
Project("{FAE04EC0-301F-11D3-BF4B-00C04F79EFBC}") = "Relationships", "Relationships\Relationships.csproj", "{774F7EF3-6477-4939-A14E-5727C2E55CDD}"
EndProject
Project("{2150E333-8FDC-42A3-9474-1A3956D46DE8}") = "Relationships.Autorest", "Relationships.Autorest", "{70B5B518-732F-B4FA-61D8-EC0023A4A294}"
EndProject
Project("{FAE04EC0-301F-11D3-BF4B-00C04F79EFBC}") = "Az.Relationships", "..\..\generated\Relationships\Relationships.Autorest\Az.Relationships.csproj", "{E1147D81-14FF-40C1-BC35-51C42142526A}"
EndProject
Global
	GlobalSection(SolutionConfigurationPlatforms) = preSolution
		Debug|Any CPU = Debug|Any CPU
		Debug|x64 = Debug|x64
		Debug|x86 = Debug|x86
		Release|Any CPU = Release|Any CPU
		Release|x64 = Release|x64
		Release|x86 = Release|x86
	EndGlobalSection
	GlobalSection(ProjectConfigurationPlatforms) = postSolution
		{BD80AF41-CE77-4270-BC3D-5277C6385E31}.Debug|Any CPU.ActiveCfg = Debug|Any CPU
		{BD80AF41-CE77-4270-BC3D-5277C6385E31}.Debug|Any CPU.Build.0 = Debug|Any CPU
		{BD80AF41-CE77-4270-BC3D-5277C6385E31}.Debug|x64.ActiveCfg = Debug|Any CPU
		{BD80AF41-CE77-4270-BC3D-5277C6385E31}.Debug|x64.Build.0 = Debug|Any CPU
		{BD80AF41-CE77-4270-BC3D-5277C6385E31}.Debug|x86.ActiveCfg = Debug|Any CPU
		{BD80AF41-CE77-4270-BC3D-5277C6385E31}.Debug|x86.Build.0 = Debug|Any CPU
		{BD80AF41-CE77-4270-BC3D-5277C6385E31}.Release|Any CPU.ActiveCfg = Release|Any CPU
		{BD80AF41-CE77-4270-BC3D-5277C6385E31}.Release|Any CPU.Build.0 = Release|Any CPU
		{BD80AF41-CE77-4270-BC3D-5277C6385E31}.Release|x64.ActiveCfg = Release|Any CPU
		{BD80AF41-CE77-4270-BC3D-5277C6385E31}.Release|x64.Build.0 = Release|Any CPU
		{BD80AF41-CE77-4270-BC3D-5277C6385E31}.Release|x86.ActiveCfg = Release|Any CPU
		{BD80AF41-CE77-4270-BC3D-5277C6385E31}.Release|x86.Build.0 = Release|Any CPU
		{DA19FF1E-71ED-4DBD-99FB-D5D9D8175889}.Debug|Any CPU.ActiveCfg = Debug|Any CPU
		{DA19FF1E-71ED-4DBD-99FB-D5D9D8175889}.Debug|Any CPU.Build.0 = Debug|Any CPU
		{DA19FF1E-71ED-4DBD-99FB-D5D9D8175889}.Debug|x64.ActiveCfg = Debug|Any CPU
		{DA19FF1E-71ED-4DBD-99FB-D5D9D8175889}.Debug|x64.Build.0 = Debug|Any CPU
		{DA19FF1E-71ED-4DBD-99FB-D5D9D8175889}.Debug|x86.ActiveCfg = Debug|Any CPU
		{DA19FF1E-71ED-4DBD-99FB-D5D9D8175889}.Debug|x86.Build.0 = Debug|Any CPU
		{DA19FF1E-71ED-4DBD-99FB-D5D9D8175889}.Release|Any CPU.ActiveCfg = Release|Any CPU
		{DA19FF1E-71ED-4DBD-99FB-D5D9D8175889}.Release|Any CPU.Build.0 = Release|Any CPU
		{DA19FF1E-71ED-4DBD-99FB-D5D9D8175889}.Release|x64.ActiveCfg = Release|Any CPU
		{DA19FF1E-71ED-4DBD-99FB-D5D9D8175889}.Release|x64.Build.0 = Release|Any CPU
		{DA19FF1E-71ED-4DBD-99FB-D5D9D8175889}.Release|x86.ActiveCfg = Release|Any CPU
		{DA19FF1E-71ED-4DBD-99FB-D5D9D8175889}.Release|x86.Build.0 = Release|Any CPU
		{72E47CAD-097F-4BA2-8102-FDBAC24CA530}.Debug|Any CPU.ActiveCfg = Debug|Any CPU
		{72E47CAD-097F-4BA2-8102-FDBAC24CA530}.Debug|Any CPU.Build.0 = Debug|Any CPU
		{72E47CAD-097F-4BA2-8102-FDBAC24CA530}.Debug|x64.ActiveCfg = Debug|Any CPU
		{72E47CAD-097F-4BA2-8102-FDBAC24CA530}.Debug|x64.Build.0 = Debug|Any CPU
		{72E47CAD-097F-4BA2-8102-FDBAC24CA530}.Debug|x86.ActiveCfg = Debug|Any CPU
		{72E47CAD-097F-4BA2-8102-FDBAC24CA530}.Debug|x86.Build.0 = Debug|Any CPU
		{72E47CAD-097F-4BA2-8102-FDBAC24CA530}.Release|Any CPU.ActiveCfg = Release|Any CPU
		{72E47CAD-097F-4BA2-8102-FDBAC24CA530}.Release|Any CPU.Build.0 = Release|Any CPU
		{72E47CAD-097F-4BA2-8102-FDBAC24CA530}.Release|x64.ActiveCfg = Release|Any CPU
		{72E47CAD-097F-4BA2-8102-FDBAC24CA530}.Release|x64.Build.0 = Release|Any CPU
		{72E47CAD-097F-4BA2-8102-FDBAC24CA530}.Release|x86.ActiveCfg = Release|Any CPU
		{72E47CAD-097F-4BA2-8102-FDBAC24CA530}.Release|x86.Build.0 = Release|Any CPU
		{249766B7-587C-4EEB-B661-FC1BD89C2701}.Debug|Any CPU.ActiveCfg = Debug|Any CPU
		{249766B7-587C-4EEB-B661-FC1BD89C2701}.Debug|Any CPU.Build.0 = Debug|Any CPU
		{249766B7-587C-4EEB-B661-FC1BD89C2701}.Debug|x64.ActiveCfg = Debug|Any CPU
		{249766B7-587C-4EEB-B661-FC1BD89C2701}.Debug|x64.Build.0 = Debug|Any CPU
		{249766B7-587C-4EEB-B661-FC1BD89C2701}.Debug|x86.ActiveCfg = Debug|Any CPU
		{249766B7-587C-4EEB-B661-FC1BD89C2701}.Debug|x86.Build.0 = Debug|Any CPU
		{249766B7-587C-4EEB-B661-FC1BD89C2701}.Release|Any CPU.ActiveCfg = Release|Any CPU
		{249766B7-587C-4EEB-B661-FC1BD89C2701}.Release|Any CPU.Build.0 = Release|Any CPU
		{249766B7-587C-4EEB-B661-FC1BD89C2701}.Release|x64.ActiveCfg = Release|Any CPU
		{249766B7-587C-4EEB-B661-FC1BD89C2701}.Release|x64.Build.0 = Release|Any CPU
		{249766B7-587C-4EEB-B661-FC1BD89C2701}.Release|x86.ActiveCfg = Release|Any CPU
		{249766B7-587C-4EEB-B661-FC1BD89C2701}.Release|x86.Build.0 = Release|Any CPU
		{03173C38-3081-4FC1-ACB4-B4AB4ECF30D8}.Debug|Any CPU.ActiveCfg = Debug|Any CPU
		{03173C38-3081-4FC1-ACB4-B4AB4ECF30D8}.Debug|Any CPU.Build.0 = Debug|Any CPU
		{03173C38-3081-4FC1-ACB4-B4AB4ECF30D8}.Debug|x64.ActiveCfg = Debug|Any CPU
		{03173C38-3081-4FC1-ACB4-B4AB4ECF30D8}.Debug|x64.Build.0 = Debug|Any CPU
		{03173C38-3081-4FC1-ACB4-B4AB4ECF30D8}.Debug|x86.ActiveCfg = Debug|Any CPU
		{03173C38-3081-4FC1-ACB4-B4AB4ECF30D8}.Debug|x86.Build.0 = Debug|Any CPU
		{03173C38-3081-4FC1-ACB4-B4AB4ECF30D8}.Release|Any CPU.ActiveCfg = Release|Any CPU
		{03173C38-3081-4FC1-ACB4-B4AB4ECF30D8}.Release|Any CPU.Build.0 = Release|Any CPU
		{03173C38-3081-4FC1-ACB4-B4AB4ECF30D8}.Release|x64.ActiveCfg = Release|Any CPU
		{03173C38-3081-4FC1-ACB4-B4AB4ECF30D8}.Release|x64.Build.0 = Release|Any CPU
		{03173C38-3081-4FC1-ACB4-B4AB4ECF30D8}.Release|x86.ActiveCfg = Release|Any CPU
		{03173C38-3081-4FC1-ACB4-B4AB4ECF30D8}.Release|x86.Build.0 = Release|Any CPU
		{369E9EB9-998A-4562-AE78-1B0CBF0D9C6E}.Debug|Any CPU.ActiveCfg = Debug|Any CPU
		{369E9EB9-998A-4562-AE78-1B0CBF0D9C6E}.Debug|Any CPU.Build.0 = Debug|Any CPU
		{369E9EB9-998A-4562-AE78-1B0CBF0D9C6E}.Debug|x64.ActiveCfg = Debug|Any CPU
		{369E9EB9-998A-4562-AE78-1B0CBF0D9C6E}.Debug|x64.Build.0 = Debug|Any CPU
		{369E9EB9-998A-4562-AE78-1B0CBF0D9C6E}.Debug|x86.ActiveCfg = Debug|Any CPU
		{369E9EB9-998A-4562-AE78-1B0CBF0D9C6E}.Debug|x86.Build.0 = Debug|Any CPU
		{369E9EB9-998A-4562-AE78-1B0CBF0D9C6E}.Release|Any CPU.ActiveCfg = Release|Any CPU
		{369E9EB9-998A-4562-AE78-1B0CBF0D9C6E}.Release|Any CPU.Build.0 = Release|Any CPU
		{369E9EB9-998A-4562-AE78-1B0CBF0D9C6E}.Release|x64.ActiveCfg = Release|Any CPU
		{369E9EB9-998A-4562-AE78-1B0CBF0D9C6E}.Release|x64.Build.0 = Release|Any CPU
		{369E9EB9-998A-4562-AE78-1B0CBF0D9C6E}.Release|x86.ActiveCfg = Release|Any CPU
		{369E9EB9-998A-4562-AE78-1B0CBF0D9C6E}.Release|x86.Build.0 = Release|Any CPU
		{774F7EF3-6477-4939-A14E-5727C2E55CDD}.Debug|Any CPU.ActiveCfg = Debug|Any CPU
		{774F7EF3-6477-4939-A14E-5727C2E55CDD}.Debug|Any CPU.Build.0 = Debug|Any CPU
		{774F7EF3-6477-4939-A14E-5727C2E55CDD}.Debug|x64.ActiveCfg = Debug|Any CPU
		{774F7EF3-6477-4939-A14E-5727C2E55CDD}.Debug|x64.Build.0 = Debug|Any CPU
		{774F7EF3-6477-4939-A14E-5727C2E55CDD}.Debug|x86.ActiveCfg = Debug|Any CPU
		{774F7EF3-6477-4939-A14E-5727C2E55CDD}.Debug|x86.Build.0 = Debug|Any CPU
		{774F7EF3-6477-4939-A14E-5727C2E55CDD}.Release|Any CPU.ActiveCfg = Release|Any CPU
		{774F7EF3-6477-4939-A14E-5727C2E55CDD}.Release|Any CPU.Build.0 = Release|Any CPU
		{774F7EF3-6477-4939-A14E-5727C2E55CDD}.Release|x64.ActiveCfg = Release|Any CPU
		{774F7EF3-6477-4939-A14E-5727C2E55CDD}.Release|x64.Build.0 = Release|Any CPU
		{774F7EF3-6477-4939-A14E-5727C2E55CDD}.Release|x86.ActiveCfg = Release|Any CPU
		{774F7EF3-6477-4939-A14E-5727C2E55CDD}.Release|x86.Build.0 = Release|Any CPU
		{E1147D81-14FF-40C1-BC35-51C42142526A}.Debug|Any CPU.ActiveCfg = Debug|Any CPU
		{E1147D81-14FF-40C1-BC35-51C42142526A}.Debug|Any CPU.Build.0 = Debug|Any CPU
		{E1147D81-14FF-40C1-BC35-51C42142526A}.Debug|x64.ActiveCfg = Debug|Any CPU
		{E1147D81-14FF-40C1-BC35-51C42142526A}.Debug|x64.Build.0 = Debug|Any CPU
		{E1147D81-14FF-40C1-BC35-51C42142526A}.Debug|x86.ActiveCfg = Debug|Any CPU
		{E1147D81-14FF-40C1-BC35-51C42142526A}.Debug|x86.Build.0 = Debug|Any CPU
		{E1147D81-14FF-40C1-BC35-51C42142526A}.Release|Any CPU.ActiveCfg = Release|Any CPU
		{E1147D81-14FF-40C1-BC35-51C42142526A}.Release|Any CPU.Build.0 = Release|Any CPU
		{E1147D81-14FF-40C1-BC35-51C42142526A}.Release|x64.ActiveCfg = Release|Any CPU
		{E1147D81-14FF-40C1-BC35-51C42142526A}.Release|x64.Build.0 = Release|Any CPU
		{E1147D81-14FF-40C1-BC35-51C42142526A}.Release|x86.ActiveCfg = Release|Any CPU
		{E1147D81-14FF-40C1-BC35-51C42142526A}.Release|x86.Build.0 = Release|Any CPU
	EndGlobalSection
	GlobalSection(SolutionProperties) = preSolution
		HideSolutionNode = FALSE
	EndGlobalSection
	GlobalSection(NestedProjects) = preSolution
		{BD80AF41-CE77-4270-BC3D-5277C6385E31} = {32836310-FB5E-5A92-56B4-44D826EF11F5}
		{DA19FF1E-71ED-4DBD-99FB-D5D9D8175889} = {32836310-FB5E-5A92-56B4-44D826EF11F5}
		{72E47CAD-097F-4BA2-8102-FDBAC24CA530} = {32836310-FB5E-5A92-56B4-44D826EF11F5}
		{249766B7-587C-4EEB-B661-FC1BD89C2701} = {32836310-FB5E-5A92-56B4-44D826EF11F5}
		{03173C38-3081-4FC1-ACB4-B4AB4ECF30D8} = {32836310-FB5E-5A92-56B4-44D826EF11F5}
		{369E9EB9-998A-4562-AE78-1B0CBF0D9C6E} = {32836310-FB5E-5A92-56B4-44D826EF11F5}
		{E1147D81-14FF-40C1-BC35-51C42142526A} = {70B5B518-732F-B4FA-61D8-EC0023A4A294}
	EndGlobalSection
EndGlobal
