
Microsoft Visual Studio Solution File, Format Version 12.00
# Visual Studio Version 17
VisualStudioVersion = 17.0.31903.59
MinimumVisualStudioVersion = 10.0.40219.1
Project("{FAE04EC0-301F-11D3-BF4B-00C04F79EFBC}") = "Accounts", "..\Accounts\Accounts\Accounts.csproj", "{56C32907-4A35-42A9-98BA-32CE5828AD73}"
EndProject
Project("{FAE04EC0-301F-11D3-BF4B-00C04F79EFBC}") = "AssemblyLoading", "..\Accounts\AssemblyLoading\AssemblyLoading.csproj", "{92524054-34DE-48C9-A705-570D8E6957C7}"
EndProject
Project("{FAE04EC0-301F-11D3-BF4B-00C04F79EFBC}") = "Authentication", "..\Accounts\Authentication\Authentication.csproj", "{232BE0AB-F3AF-42B0-BC92-D8E34B11436B}"
EndProject
Project("{FAE04EC0-301F-11D3-BF4B-00C04F79EFBC}") = "Authentication.ResourceManager", "..\Accounts\Authentication.ResourceManager\Authentication.ResourceManager.csproj", "{9EEF152A-6895-4C64-B8A4-B9810FA8937B}"
EndProject
Project("{FAE04EC0-301F-11D3-BF4B-00C04F79EFBC}") = "AuthenticationAssemblyLoadContext", "..\Accounts\AuthenticationAssemblyLoadContext\AuthenticationAssemblyLoadContext.csproj", "{685AFC8B-0430-4723-AEE4-44FBB8DEC811}"
EndProject
Project("{FAE04EC0-301F-11D3-BF4B-00C04F79EFBC}") = "Authenticators", "..\Accounts\Authenticators\Authenticators.csproj", "{EE57A01F-7B9C-40A3-922F-DFF9234B646B}"
EndProject
Project("{FAE04EC0-301F-11D3-BF4B-00C04F79EFBC}") = "DeviceUpdate", "DeviceUpdate\DeviceUpdate.csproj", "{1EA3248D-9775-4761-AB4B-2A31D0A43951}"
EndProject
Project("{FAE04EC0-301F-11D3-BF4B-00C04F79EFBC}") = "Az.DeviceUpdate", "DeviceUpdate.Autorest\Az.DeviceUpdate.csproj", "{F1DF5844-9FCC-4194-9073-92DB7A0D42E9}"
EndProject
Global
	GlobalSection(SolutionConfigurationPlatforms) = preSolution
		Debug|Any CPU = Debug|Any CPU
		Release|Any CPU = Release|Any CPU
	EndGlobalSection
	GlobalSection(SolutionProperties) = preSolution
		HideSolutionNode = FALSE
	EndGlobalSection
	GlobalSection(ProjectConfigurationPlatforms) = postSolution
		{56C32907-4A35-42A9-98BA-32CE5828AD73}.Debug|Any CPU.ActiveCfg = Debug|Any CPU
		{56C32907-4A35-42A9-98BA-32CE5828AD73}.Debug|Any CPU.Build.0 = Debug|Any CPU
		{56C32907-4A35-42A9-98BA-32CE5828AD73}.Release|Any CPU.ActiveCfg = Release|Any CPU
		{56C32907-4A35-42A9-98BA-32CE5828AD73}.Release|Any CPU.Build.0 = Release|Any CPU
		{92524054-34DE-48C9-A705-570D8E6957C7}.Debug|Any CPU.ActiveCfg = Debug|Any CPU
		{92524054-34DE-48C9-A705-570D8E6957C7}.Debug|Any CPU.Build.0 = Debug|Any CPU
		{92524054-34DE-48C9-A705-570D8E6957C7}.Release|Any CPU.ActiveCfg = Release|Any CPU
		{92524054-34DE-48C9-A705-570D8E6957C7}.Release|Any CPU.Build.0 = Release|Any CPU
		{232BE0AB-F3AF-42B0-BC92-D8E34B11436B}.Debug|Any CPU.ActiveCfg = Debug|Any CPU
		{232BE0AB-F3AF-42B0-BC92-D8E34B11436B}.Debug|Any CPU.Build.0 = Debug|Any CPU
		{232BE0AB-F3AF-42B0-BC92-D8E34B11436B}.Release|Any CPU.ActiveCfg = Release|Any CPU
		{232BE0AB-F3AF-42B0-BC92-D8E34B11436B}.Release|Any CPU.Build.0 = Release|Any CPU
		{9EEF152A-6895-4C64-B8A4-B9810FA8937B}.Debug|Any CPU.ActiveCfg = Debug|Any CPU
		{9EEF152A-6895-4C64-B8A4-B9810FA8937B}.Debug|Any CPU.Build.0 = Debug|Any CPU
		{9EEF152A-6895-4C64-B8A4-B9810FA8937B}.Release|Any CPU.ActiveCfg = Release|Any CPU
		{9EEF152A-6895-4C64-B8A4-B9810FA8937B}.Release|Any CPU.Build.0 = Release|Any CPU
		{685AFC8B-0430-4723-AEE4-44FBB8DEC811}.Debug|Any CPU.ActiveCfg = Debug|Any CPU
		{685AFC8B-0430-4723-AEE4-44FBB8DEC811}.Debug|Any CPU.Build.0 = Debug|Any CPU
		{685AFC8B-0430-4723-AEE4-44FBB8DEC811}.Release|Any CPU.ActiveCfg = Release|Any CPU
		{685AFC8B-0430-4723-AEE4-44FBB8DEC811}.Release|Any CPU.Build.0 = Release|Any CPU
		{EE57A01F-7B9C-40A3-922F-DFF9234B646B}.Debug|Any CPU.ActiveCfg = Debug|Any CPU
		{EE57A01F-7B9C-40A3-922F-DFF9234B646B}.Debug|Any CPU.Build.0 = Debug|Any CPU
		{EE57A01F-7B9C-40A3-922F-DFF9234B646B}.Release|Any CPU.ActiveCfg = Release|Any CPU
		{EE57A01F-7B9C-40A3-922F-DFF9234B646B}.Release|Any CPU.Build.0 = Release|Any CPU
		{1EA3248D-9775-4761-AB4B-2A31D0A43951}.Debug|Any CPU.ActiveCfg = Debug|Any CPU
		{1EA3248D-9775-4761-AB4B-2A31D0A43951}.Debug|Any CPU.Build.0 = Debug|Any CPU
		{1EA3248D-9775-4761-AB4B-2A31D0A43951}.Release|Any CPU.ActiveCfg = Release|Any CPU
		{1EA3248D-9775-4761-AB4B-2A31D0A43951}.Release|Any CPU.Build.0 = Release|Any CPU
		{F1DF5844-9FCC-4194-9073-92DB7A0D42E9}.Debug|Any CPU.ActiveCfg = Debug|Any CPU
		{F1DF5844-9FCC-4194-9073-92DB7A0D42E9}.Debug|Any CPU.Build.0 = Debug|Any CPU
		{F1DF5844-9FCC-4194-9073-92DB7A0D42E9}.Release|Any CPU.ActiveCfg = Release|Any CPU
		{F1DF5844-9FCC-4194-9073-92DB7A0D42E9}.Release|Any CPU.Build.0 = Release|Any CPU
	EndGlobalSection
EndGlobal
