
Microsoft Visual Studio Solution File, Format Version 12.00
# Visual Studio Version 17
VisualStudioVersion = 17.0.31903.59
MinimumVisualStudioVersion = 10.0.40219.1
Project("{2150E333-8FDC-42A3-9474-1A3956D46DE8}") = "Accounts", "Accounts", "{109A5E79-C774-4642-8187-6A4B0E28DAB5}"
EndProject
Project("{FAE04EC0-301F-11D3-BF4B-00C04F79EFBC}") = "Accounts", "..\Accounts\Accounts\Accounts.csproj", "{3391CB2A-BBC1-4DA2-8867-A9D56A5C69D8}"
EndProject
Project("{FAE04EC0-301F-11D3-BF4B-00C04F79EFBC}") = "AssemblyLoading", "..\Accounts\AssemblyLoading\AssemblyLoading.csproj", "{15C4E105-2DCB-416B-8BE3-344FF41DD5A2}"
EndProject
Project("{FAE04EC0-301F-11D3-BF4B-00C04F79EFBC}") = "Authentication.ResourceManager", "..\Accounts\Authentication.ResourceManager\Authentication.ResourceManager.csproj", "{D12CE242-821F-4DB1-8DA1-26D40071798F}"
EndProject
Project("{FAE04EC0-301F-11D3-BF4B-00C04F79EFBC}") = "Authentication", "..\Accounts\Authentication\Authentication.csproj", "{12B27999-504E-4948-B0D1-4E1EDB27919B}"
EndProject
Project("{FAE04EC0-301F-11D3-BF4B-00C04F79EFBC}") = "AuthenticationAssemblyLoadContext", "..\Accounts\AuthenticationAssemblyLoadContext\AuthenticationAssemblyLoadContext.csproj", "{06C13F83-6ED4-423F-AE6A-ACDFCD48D869}"
EndProject
Project("{FAE04EC0-301F-11D3-BF4B-00C04F79EFBC}") = "Authenticators", "..\Accounts\Authenticators\Authenticators.csproj", "{313C7DB1-0416-48E0-86DA-E56FD428B18C}"
EndProject
Project("{FAE04EC0-301F-11D3-BF4B-00C04F79EFBC}") = "HdInsightOnAks", "HdInsightOnAks\HdInsightOnAks.csproj", "{456C99FF-36C3-4668-BAA3-1FC0468A5E4B}"
EndProject
Project("{FAE04EC0-301F-11D3-BF4B-00C04F79EFBC}") = "Az.HdInsightOnAks", "..\..\generated\HdInsightOnAks\HdInsightOnAks.Autorest\Az.HdInsightOnAks.csproj", "{428D4D57-3974-4CE2-B794-E332462B3C4B}"
EndProject
Global
	GlobalSection(SolutionConfigurationPlatforms) = preSolution
		Debug|Any CPU = Debug|Any CPU
		Release|Any CPU = Release|Any CPU
	EndGlobalSection
	GlobalSection(SolutionProperties) = preSolution
		HideSolutionNode = FALSE
	EndGlobalSection
	GlobalSection(ProjectConfigurationPlatforms) = postSolution
		{3391CB2A-BBC1-4DA2-8867-A9D56A5C69D8}.Debug|Any CPU.ActiveCfg = Debug|Any CPU
		{3391CB2A-BBC1-4DA2-8867-A9D56A5C69D8}.Debug|Any CPU.Build.0 = Debug|Any CPU
		{3391CB2A-BBC1-4DA2-8867-A9D56A5C69D8}.Release|Any CPU.ActiveCfg = Release|Any CPU
		{3391CB2A-BBC1-4DA2-8867-A9D56A5C69D8}.Release|Any CPU.Build.0 = Release|Any CPU
		{15C4E105-2DCB-416B-8BE3-344FF41DD5A2}.Debug|Any CPU.ActiveCfg = Debug|Any CPU
		{15C4E105-2DCB-416B-8BE3-344FF41DD5A2}.Debug|Any CPU.Build.0 = Debug|Any CPU
		{15C4E105-2DCB-416B-8BE3-344FF41DD5A2}.Release|Any CPU.ActiveCfg = Release|Any CPU
		{15C4E105-2DCB-416B-8BE3-344FF41DD5A2}.Release|Any CPU.Build.0 = Release|Any CPU
		{D12CE242-821F-4DB1-8DA1-26D40071798F}.Debug|Any CPU.ActiveCfg = Debug|Any CPU
		{D12CE242-821F-4DB1-8DA1-26D40071798F}.Debug|Any CPU.Build.0 = Debug|Any CPU
		{D12CE242-821F-4DB1-8DA1-26D40071798F}.Release|Any CPU.ActiveCfg = Release|Any CPU
		{D12CE242-821F-4DB1-8DA1-26D40071798F}.Release|Any CPU.Build.0 = Release|Any CPU
		{12B27999-504E-4948-B0D1-4E1EDB27919B}.Debug|Any CPU.ActiveCfg = Debug|Any CPU
		{12B27999-504E-4948-B0D1-4E1EDB27919B}.Debug|Any CPU.Build.0 = Debug|Any CPU
		{12B27999-504E-4948-B0D1-4E1EDB27919B}.Release|Any CPU.ActiveCfg = Release|Any CPU
		{12B27999-504E-4948-B0D1-4E1EDB27919B}.Release|Any CPU.Build.0 = Release|Any CPU
		{06C13F83-6ED4-423F-AE6A-ACDFCD48D869}.Debug|Any CPU.ActiveCfg = Debug|Any CPU
		{06C13F83-6ED4-423F-AE6A-ACDFCD48D869}.Debug|Any CPU.Build.0 = Debug|Any CPU
		{06C13F83-6ED4-423F-AE6A-ACDFCD48D869}.Release|Any CPU.ActiveCfg = Release|Any CPU
		{06C13F83-6ED4-423F-AE6A-ACDFCD48D869}.Release|Any CPU.Build.0 = Release|Any CPU
		{313C7DB1-0416-48E0-86DA-E56FD428B18C}.Debug|Any CPU.ActiveCfg = Debug|Any CPU
		{313C7DB1-0416-48E0-86DA-E56FD428B18C}.Debug|Any CPU.Build.0 = Debug|Any CPU
		{313C7DB1-0416-48E0-86DA-E56FD428B18C}.Release|Any CPU.ActiveCfg = Release|Any CPU
		{313C7DB1-0416-48E0-86DA-E56FD428B18C}.Release|Any CPU.Build.0 = Release|Any CPU
		{456C99FF-36C3-4668-BAA3-1FC0468A5E4B}.Debug|Any CPU.ActiveCfg = Debug|Any CPU
		{456C99FF-36C3-4668-BAA3-1FC0468A5E4B}.Debug|Any CPU.Build.0 = Debug|Any CPU
		{456C99FF-36C3-4668-BAA3-1FC0468A5E4B}.Release|Any CPU.ActiveCfg = Release|Any CPU
		{456C99FF-36C3-4668-BAA3-1FC0468A5E4B}.Release|Any CPU.Build.0 = Release|Any CPU
		{428D4D57-3974-4CE2-B794-E332462B3C4B}.Debug|Any CPU.ActiveCfg = Debug|Any CPU
		{428D4D57-3974-4CE2-B794-E332462B3C4B}.Debug|Any CPU.Build.0 = Debug|Any CPU
		{428D4D57-3974-4CE2-B794-E332462B3C4B}.Release|Any CPU.ActiveCfg = Release|Any CPU
		{428D4D57-3974-4CE2-B794-E332462B3C4B}.Release|Any CPU.Build.0 = Release|Any CPU
	EndGlobalSection
	GlobalSection(NestedProjects) = preSolution
		{3391CB2A-BBC1-4DA2-8867-A9D56A5C69D8} = {109A5E79-C774-4642-8187-6A4B0E28DAB5}
		{15C4E105-2DCB-416B-8BE3-344FF41DD5A2} = {109A5E79-C774-4642-8187-6A4B0E28DAB5}
		{D12CE242-821F-4DB1-8DA1-26D40071798F} = {109A5E79-C774-4642-8187-6A4B0E28DAB5}
		{12B27999-504E-4948-B0D1-4E1EDB27919B} = {109A5E79-C774-4642-8187-6A4B0E28DAB5}
		{06C13F83-6ED4-423F-AE6A-ACDFCD48D869} = {109A5E79-C774-4642-8187-6A4B0E28DAB5}
		{313C7DB1-0416-48E0-86DA-E56FD428B18C} = {109A5E79-C774-4642-8187-6A4B0E28DAB5}
	EndGlobalSection
EndGlobal
