
Microsoft Visual Studio Solution File, Format Version 12.00
# Visual Studio Version 17
VisualStudioVersion = 17.0.31903.59
MinimumVisualStudioVersion = 10.0.40219.1
Project("{FAE04EC0-301F-11D3-BF4B-00C04F79EFBC}") = "Accounts", "..\Accounts\Accounts\Accounts.csproj", "{1625AD17-DDE6-4E3D-8124-D2326AEC2A7A}"
EndProject
Project("{FAE04EC0-301F-11D3-BF4B-00C04F79EFBC}") = "Authentication", "..\Accounts\Authentication\Authentication.csproj", "{4DF7B7D5-CC89-4D38-AD4E-6FC0F480F068}"
EndProject
Project("{FAE04EC0-301F-11D3-BF4B-00C04F79EFBC}") = "Authentication.ResourceManager", "..\Accounts\Authentication.ResourceManager\Authentication.ResourceManager.csproj", "{8E2987C0-09B0-41DB-A1A2-7FD3F4D021C3}"
EndProject
Project("{FAE04EC0-301F-11D3-BF4B-00C04F79EFBC}") = "AuthenticationAssemblyLoadContext", "..\Accounts\AuthenticationAssemblyLoadContext\AuthenticationAssemblyLoadContext.csproj", "{13D2CAE7-AD3B-475D-8B60-26CDCCDEED67}"
EndProject
Project("{FAE04EC0-301F-11D3-BF4B-00C04F79EFBC}") = "Authenticators", "..\Accounts\Authenticators\Authenticators.csproj", "{6D2AE481-CB85-4882-8AF7-B93B7FEC7451}"
EndProject
Project("{FAE04EC0-301F-11D3-BF4B-00C04F79EFBC}") = "Az.ApplicationInsights", "Az.ApplicationInsights.csproj", "{2243E46B-2C05-4FA0-AC0B-EFD5DA24E20D}"
EndProject
Global
	GlobalSection(SolutionConfigurationPlatforms) = preSolution
		Debug|Any CPU = Debug|Any CPU
		Release|Any CPU = Release|Any CPU
	EndGlobalSection
	GlobalSection(SolutionProperties) = preSolution
		HideSolutionNode = FALSE
	EndGlobalSection
	GlobalSection(ProjectConfigurationPlatforms) = postSolution
		{1625AD17-DDE6-4E3D-8124-D2326AEC2A7A}.Debug|Any CPU.ActiveCfg = Debug|Any CPU
		{1625AD17-DDE6-4E3D-8124-D2326AEC2A7A}.Debug|Any CPU.Build.0 = Debug|Any CPU
		{1625AD17-DDE6-4E3D-8124-D2326AEC2A7A}.Release|Any CPU.ActiveCfg = Release|Any CPU
		{1625AD17-DDE6-4E3D-8124-D2326AEC2A7A}.Release|Any CPU.Build.0 = Release|Any CPU
		{4DF7B7D5-CC89-4D38-AD4E-6FC0F480F068}.Debug|Any CPU.ActiveCfg = Debug|Any CPU
		{4DF7B7D5-CC89-4D38-AD4E-6FC0F480F068}.Debug|Any CPU.Build.0 = Debug|Any CPU
		{4DF7B7D5-CC89-4D38-AD4E-6FC0F480F068}.Release|Any CPU.ActiveCfg = Release|Any CPU
		{4DF7B7D5-CC89-4D38-AD4E-6FC0F480F068}.Release|Any CPU.Build.0 = Release|Any CPU
		{8E2987C0-09B0-41DB-A1A2-7FD3F4D021C3}.Debug|Any CPU.ActiveCfg = Debug|Any CPU
		{8E2987C0-09B0-41DB-A1A2-7FD3F4D021C3}.Debug|Any CPU.Build.0 = Debug|Any CPU
		{8E2987C0-09B0-41DB-A1A2-7FD3F4D021C3}.Release|Any CPU.ActiveCfg = Release|Any CPU
		{8E2987C0-09B0-41DB-A1A2-7FD3F4D021C3}.Release|Any CPU.Build.0 = Release|Any CPU
		{13D2CAE7-AD3B-475D-8B60-26CDCCDEED67}.Debug|Any CPU.ActiveCfg = Debug|Any CPU
		{13D2CAE7-AD3B-475D-8B60-26CDCCDEED67}.Debug|Any CPU.Build.0 = Debug|Any CPU
		{13D2CAE7-AD3B-475D-8B60-26CDCCDEED67}.Release|Any CPU.ActiveCfg = Release|Any CPU
		{13D2CAE7-AD3B-475D-8B60-26CDCCDEED67}.Release|Any CPU.Build.0 = Release|Any CPU
		{6D2AE481-CB85-4882-8AF7-B93B7FEC7451}.Debug|Any CPU.ActiveCfg = Debug|Any CPU
		{6D2AE481-CB85-4882-8AF7-B93B7FEC7451}.Debug|Any CPU.Build.0 = Debug|Any CPU
		{6D2AE481-CB85-4882-8AF7-B93B7FEC7451}.Release|Any CPU.ActiveCfg = Release|Any CPU
		{6D2AE481-CB85-4882-8AF7-B93B7FEC7451}.Release|Any CPU.Build.0 = Release|Any CPU
		{2243E46B-2C05-4FA0-AC0B-EFD5DA24E20D}.Debug|Any CPU.ActiveCfg = Debug|Any CPU
		{2243E46B-2C05-4FA0-AC0B-EFD5DA24E20D}.Debug|Any CPU.Build.0 = Debug|Any CPU
		{2243E46B-2C05-4FA0-AC0B-EFD5DA24E20D}.Release|Any CPU.ActiveCfg = Release|Any CPU
		{2243E46B-2C05-4FA0-AC0B-EFD5DA24E20D}.Release|Any CPU.Build.0 = Release|Any CPU
	EndGlobalSection
EndGlobal
