
Microsoft Visual Studio Solution File, Format Version 12.00
# Visual Studio Version 16
VisualStudioVersion = 16.6.30114.105
MinimumVisualStudioVersion = 10.0.40219.1
Project("{FAE04EC0-301F-11D3-BF4B-00C04F79EFBC}") = "Accounts", "..\Accounts\Accounts\Accounts.csproj", "{0300B898-0978-410C-BE4B-962A43EC71D8}"
EndProject
Project("{FAE04EC0-301F-11D3-BF4B-00C04F79EFBC}") = "Authentication", "..\Accounts\Authentication\Authentication.csproj", "{02926A63-5BF8-44F2-8CA4-6911852A5A54}"
EndProject
Project("{FAE04EC0-301F-11D3-BF4B-00C04F79EFBC}") = "Authentication.ResourceManager", "..\Accounts\Authentication.ResourceManager\Authentication.ResourceManager.csproj", "{3620DF80-C1AF-4CE6-919A-040EC6FC0D3A}"
EndProject
Project("{FAE04EC0-301F-11D3-BF4B-00C04F79EFBC}") = "AuthenticationAssemblyLoadContext", "..\Accounts\AuthenticationAssemblyLoadContext\AuthenticationAssemblyLoadContext.csproj", "{45E8BBEC-5507-4709-B86D-1C6304BF46D6}"
EndProject
Project("{FAE04EC0-301F-11D3-BF4B-00C04F79EFBC}") = "Authenticators", "..\Accounts\Authenticators\Authenticators.csproj", "{8C7278BD-D74A-4009-8252-9C96FC6808FA}"
EndProject
Project("{FAE04EC0-301F-11D3-BF4B-00C04F79EFBC}") = "Az.ImportExport", "Az.ImportExport.csproj", "{B5EEB7B1-35EF-4931-AA93-6C383CFA7B19}"
EndProject
Global
	GlobalSection(SolutionConfigurationPlatforms) = preSolution
		Debug|Any CPU = Debug|Any CPU
		Debug|x64 = Debug|x64
		Debug|x86 = Debug|x86
		Release|Any CPU = Release|Any CPU
		Release|x64 = Release|x64
		Release|x86 = Release|x86
	EndGlobalSection
	GlobalSection(SolutionProperties) = preSolution
		HideSolutionNode = FALSE
	EndGlobalSection
	GlobalSection(ProjectConfigurationPlatforms) = postSolution
		{0300B898-0978-410C-BE4B-962A43EC71D8}.Debug|Any CPU.ActiveCfg = Debug|Any CPU
		{0300B898-0978-410C-BE4B-962A43EC71D8}.Debug|Any CPU.Build.0 = Debug|Any CPU
		{0300B898-0978-410C-BE4B-962A43EC71D8}.Debug|x64.ActiveCfg = Debug|Any CPU
		{0300B898-0978-410C-BE4B-962A43EC71D8}.Debug|x64.Build.0 = Debug|Any CPU
		{0300B898-0978-410C-BE4B-962A43EC71D8}.Debug|x86.ActiveCfg = Debug|Any CPU
		{0300B898-0978-410C-BE4B-962A43EC71D8}.Debug|x86.Build.0 = Debug|Any CPU
		{0300B898-0978-410C-BE4B-962A43EC71D8}.Release|Any CPU.ActiveCfg = Release|Any CPU
		{0300B898-0978-410C-BE4B-962A43EC71D8}.Release|Any CPU.Build.0 = Release|Any CPU
		{0300B898-0978-410C-BE4B-962A43EC71D8}.Release|x64.ActiveCfg = Release|Any CPU
		{0300B898-0978-410C-BE4B-962A43EC71D8}.Release|x64.Build.0 = Release|Any CPU
		{0300B898-0978-410C-BE4B-962A43EC71D8}.Release|x86.ActiveCfg = Release|Any CPU
		{0300B898-0978-410C-BE4B-962A43EC71D8}.Release|x86.Build.0 = Release|Any CPU
		{02926A63-5BF8-44F2-8CA4-6911852A5A54}.Debug|Any CPU.ActiveCfg = Debug|Any CPU
		{02926A63-5BF8-44F2-8CA4-6911852A5A54}.Debug|Any CPU.Build.0 = Debug|Any CPU
		{02926A63-5BF8-44F2-8CA4-6911852A5A54}.Debug|x64.ActiveCfg = Debug|Any CPU
		{02926A63-5BF8-44F2-8CA4-6911852A5A54}.Debug|x64.Build.0 = Debug|Any CPU
		{02926A63-5BF8-44F2-8CA4-6911852A5A54}.Debug|x86.ActiveCfg = Debug|Any CPU
		{02926A63-5BF8-44F2-8CA4-6911852A5A54}.Debug|x86.Build.0 = Debug|Any CPU
		{02926A63-5BF8-44F2-8CA4-6911852A5A54}.Release|Any CPU.ActiveCfg = Release|Any CPU
		{02926A63-5BF8-44F2-8CA4-6911852A5A54}.Release|Any CPU.Build.0 = Release|Any CPU
		{02926A63-5BF8-44F2-8CA4-6911852A5A54}.Release|x64.ActiveCfg = Release|Any CPU
		{02926A63-5BF8-44F2-8CA4-6911852A5A54}.Release|x64.Build.0 = Release|Any CPU
		{02926A63-5BF8-44F2-8CA4-6911852A5A54}.Release|x86.ActiveCfg = Release|Any CPU
		{02926A63-5BF8-44F2-8CA4-6911852A5A54}.Release|x86.Build.0 = Release|Any CPU
		{3620DF80-C1AF-4CE6-919A-040EC6FC0D3A}.Debug|Any CPU.ActiveCfg = Debug|Any CPU
		{3620DF80-C1AF-4CE6-919A-040EC6FC0D3A}.Debug|Any CPU.Build.0 = Debug|Any CPU
		{3620DF80-C1AF-4CE6-919A-040EC6FC0D3A}.Debug|x64.ActiveCfg = Debug|Any CPU
		{3620DF80-C1AF-4CE6-919A-040EC6FC0D3A}.Debug|x64.Build.0 = Debug|Any CPU
		{3620DF80-C1AF-4CE6-919A-040EC6FC0D3A}.Debug|x86.ActiveCfg = Debug|Any CPU
		{3620DF80-C1AF-4CE6-919A-040EC6FC0D3A}.Debug|x86.Build.0 = Debug|Any CPU
		{3620DF80-C1AF-4CE6-919A-040EC6FC0D3A}.Release|Any CPU.ActiveCfg = Release|Any CPU
		{3620DF80-C1AF-4CE6-919A-040EC6FC0D3A}.Release|Any CPU.Build.0 = Release|Any CPU
		{3620DF80-C1AF-4CE6-919A-040EC6FC0D3A}.Release|x64.ActiveCfg = Release|Any CPU
		{3620DF80-C1AF-4CE6-919A-040EC6FC0D3A}.Release|x64.Build.0 = Release|Any CPU
		{3620DF80-C1AF-4CE6-919A-040EC6FC0D3A}.Release|x86.ActiveCfg = Release|Any CPU
		{3620DF80-C1AF-4CE6-919A-040EC6FC0D3A}.Release|x86.Build.0 = Release|Any CPU
		{45E8BBEC-5507-4709-B86D-1C6304BF46D6}.Debug|Any CPU.ActiveCfg = Debug|Any CPU
		{45E8BBEC-5507-4709-B86D-1C6304BF46D6}.Debug|Any CPU.Build.0 = Debug|Any CPU
		{45E8BBEC-5507-4709-B86D-1C6304BF46D6}.Debug|x64.ActiveCfg = Debug|Any CPU
		{45E8BBEC-5507-4709-B86D-1C6304BF46D6}.Debug|x64.Build.0 = Debug|Any CPU
		{45E8BBEC-5507-4709-B86D-1C6304BF46D6}.Debug|x86.ActiveCfg = Debug|Any CPU
		{45E8BBEC-5507-4709-B86D-1C6304BF46D6}.Debug|x86.Build.0 = Debug|Any CPU
		{45E8BBEC-5507-4709-B86D-1C6304BF46D6}.Release|Any CPU.ActiveCfg = Release|Any CPU
		{45E8BBEC-5507-4709-B86D-1C6304BF46D6}.Release|Any CPU.Build.0 = Release|Any CPU
		{45E8BBEC-5507-4709-B86D-1C6304BF46D6}.Release|x64.ActiveCfg = Release|Any CPU
		{45E8BBEC-5507-4709-B86D-1C6304BF46D6}.Release|x64.Build.0 = Release|Any CPU
		{45E8BBEC-5507-4709-B86D-1C6304BF46D6}.Release|x86.ActiveCfg = Release|Any CPU
		{45E8BBEC-5507-4709-B86D-1C6304BF46D6}.Release|x86.Build.0 = Release|Any CPU
		{8C7278BD-D74A-4009-8252-9C96FC6808FA}.Debug|Any CPU.ActiveCfg = Debug|Any CPU
		{8C7278BD-D74A-4009-8252-9C96FC6808FA}.Debug|Any CPU.Build.0 = Debug|Any CPU
		{8C7278BD-D74A-4009-8252-9C96FC6808FA}.Debug|x64.ActiveCfg = Debug|Any CPU
		{8C7278BD-D74A-4009-8252-9C96FC6808FA}.Debug|x64.Build.0 = Debug|Any CPU
		{8C7278BD-D74A-4009-8252-9C96FC6808FA}.Debug|x86.ActiveCfg = Debug|Any CPU
		{8C7278BD-D74A-4009-8252-9C96FC6808FA}.Debug|x86.Build.0 = Debug|Any CPU
		{8C7278BD-D74A-4009-8252-9C96FC6808FA}.Release|Any CPU.ActiveCfg = Release|Any CPU
		{8C7278BD-D74A-4009-8252-9C96FC6808FA}.Release|Any CPU.Build.0 = Release|Any CPU
		{8C7278BD-D74A-4009-8252-9C96FC6808FA}.Release|x64.ActiveCfg = Release|Any CPU
		{8C7278BD-D74A-4009-8252-9C96FC6808FA}.Release|x64.Build.0 = Release|Any CPU
		{8C7278BD-D74A-4009-8252-9C96FC6808FA}.Release|x86.ActiveCfg = Release|Any CPU
		{8C7278BD-D74A-4009-8252-9C96FC6808FA}.Release|x86.Build.0 = Release|Any CPU
		{B5EEB7B1-35EF-4931-AA93-6C383CFA7B19}.Debug|Any CPU.ActiveCfg = Debug|Any CPU
		{B5EEB7B1-35EF-4931-AA93-6C383CFA7B19}.Debug|Any CPU.Build.0 = Debug|Any CPU
		{B5EEB7B1-35EF-4931-AA93-6C383CFA7B19}.Debug|x64.ActiveCfg = Debug|Any CPU
		{B5EEB7B1-35EF-4931-AA93-6C383CFA7B19}.Debug|x64.Build.0 = Debug|Any CPU
		{B5EEB7B1-35EF-4931-AA93-6C383CFA7B19}.Debug|x86.ActiveCfg = Debug|Any CPU
		{B5EEB7B1-35EF-4931-AA93-6C383CFA7B19}.Debug|x86.Build.0 = Debug|Any CPU
		{B5EEB7B1-35EF-4931-AA93-6C383CFA7B19}.Release|Any CPU.ActiveCfg = Release|Any CPU
		{B5EEB7B1-35EF-4931-AA93-6C383CFA7B19}.Release|Any CPU.Build.0 = Release|Any CPU
		{B5EEB7B1-35EF-4931-AA93-6C383CFA7B19}.Release|x64.ActiveCfg = Release|Any CPU
		{B5EEB7B1-35EF-4931-AA93-6C383CFA7B19}.Release|x64.Build.0 = Release|Any CPU
		{B5EEB7B1-35EF-4931-AA93-6C383CFA7B19}.Release|x86.ActiveCfg = Release|Any CPU
		{B5EEB7B1-35EF-4931-AA93-6C383CFA7B19}.Release|x86.Build.0 = Release|Any CPU
	EndGlobalSection
EndGlobal
