Microsoft Visual Studio Solution File, Format Version 12.00
# Visual Studio 15
VisualStudioVersion = 15.0.27703.2042
MinimumVisualStudioVersion = 10.0.40219.1
Project("{FAE04EC0-301F-11D3-BF4B-00C04F79EFBC}") = "Commands.DataMigration", "Commands.DataMigration\Commands.DataMigration.csproj", "{A03670F6-F8D1-4890-9939-21B546927238}"
EndProject
Project("{2150E333-8FDC-42A3-9474-1A3956D46DE8}") = "Tests", "Tests", "{19E252F0-F886-4761-BA05-E69FBB7EB861}"
EndProject
Project("{FAE04EC0-301F-11D3-BF4B-00C04F79EFBC}") = "Commands.DataMigration.Test", "Commands.DataMigration.Test\Commands.DataMigration.Test.csproj", "{56ED8C97-53B9-4DF6-ACB5-7E6800105BF8}"
EndProject
Project("{FAE04EC0-301F-11D3-BF4B-00C04F79EFBC}") = "Commands.Profile", "..\Profile\Commands.Profile\Commands.Profile.csproj", "{142D7B0B-388A-4CEB-A228-7F6D423C5C2E}"
EndProject
Global
	GlobalSection(SolutionConfigurationPlatforms) = preSolution
		Debug|Any CPU = Debug|Any CPU
		Release|Any CPU = Release|Any CPU
	EndGlobalSection
	GlobalSection(ProjectConfigurationPlatforms) = postSolution
		{A03670F6-F8D1-4890-9939-21B546927238}.Debug|Any CPU.ActiveCfg = Debug|Any CPU
		{A03670F6-F8D1-4890-9939-21B546927238}.Debug|Any CPU.Build.0 = Debug|Any CPU
		{A03670F6-F8D1-4890-9939-21B546927238}.Release|Any CPU.ActiveCfg = Release|Any CPU
		{A03670F6-F8D1-4890-9939-21B546927238}.Release|Any CPU.Build.0 = Release|Any CPU
		{56ED8C97-53B9-4DF6-ACB5-7E6800105BF8}.Debug|Any CPU.ActiveCfg = Debug|Any CPU
		{56ED8C97-53B9-4DF6-ACB5-7E6800105BF8}.Debug|Any CPU.Build.0 = Debug|Any CPU
		{56ED8C97-53B9-4DF6-ACB5-7E6800105BF8}.Release|Any CPU.ActiveCfg = Release|Any CPU
		{56ED8C97-53B9-4DF6-ACB5-7E6800105BF8}.Release|Any CPU.Build.0 = Release|Any CPU
		{142D7B0B-388A-4CEB-A228-7F6D423C5C2E}.Debug|Any CPU.ActiveCfg = Debug|Any CPU
		{142D7B0B-388A-4CEB-A228-7F6D423C5C2E}.Debug|Any CPU.Build.0 = Debug|Any CPU
		{142D7B0B-388A-4CEB-A228-7F6D423C5C2E}.Release|Any CPU.ActiveCfg = Release|Any CPU
		{142D7B0B-388A-4CEB-A228-7F6D423C5C2E}.Release|Any CPU.Build.0 = Release|Any CPU
	EndGlobalSection
	GlobalSection(SolutionProperties) = preSolution
		HideSolutionNode = FALSE
	EndGlobalSection
	GlobalSection(NestedProjects) = preSolution
		{56ED8C97-53B9-4DF6-ACB5-7E6800105BF8} = {19E252F0-F886-4761-BA05-E69FBB7EB861}
	EndGlobalSection
	GlobalSection(ExtensibilityGlobals) = postSolution
		SolutionGuid = {C35FCD91-9140-406A-909D-227948B5DCEB}
	EndGlobalSection
EndGlobal
