
Microsoft Visual Studio Solution File, Format Version 12.00
# Visual Studio Version 17
VisualStudioVersion = 17.0.31903.59
MinimumVisualStudioVersion = 10.0.40219.1
Project("{2150E333-8FDC-42A3-9474-1A3956D46DE8}") = "Accounts", "Accounts", "{8F90E32F-15E6-4B85-9914-A6A042C8603F}"
EndProject
Project("{FAE04EC0-301F-11D3-BF4B-00C04F79EFBC}") = "Accounts", "..\Accounts\Accounts\Accounts.csproj", "{7E33EA36-393D-4495-9BB9-4299EFD668EA}"
EndProject
Project("{FAE04EC0-301F-11D3-BF4B-00C04F79EFBC}") = "AssemblyLoading", "..\Accounts\AssemblyLoading\AssemblyLoading.csproj", "{29FBB332-89F5-4728-9368-341800CBD6D4}"
EndProject
Project("{FAE04EC0-301F-11D3-BF4B-00C04F79EFBC}") = "Authentication.ResourceManager", "..\Accounts\Authentication.ResourceManager\Authentication.ResourceManager.csproj", "{E2BEF58F-EFD6-4BF8-B3AB-C6D03EA2E59B}"
EndProject
Project("{FAE04EC0-301F-11D3-BF4B-00C04F79EFBC}") = "Authentication", "..\Accounts\Authentication\Authentication.csproj", "{B286ECF2-CD7C-4370-BF5F-87FE932D42BB}"
EndProject
Project("{FAE04EC0-301F-11D3-BF4B-00C04F79EFBC}") = "AuthenticationAssemblyLoadContext", "..\Accounts\AuthenticationAssemblyLoadContext\AuthenticationAssemblyLoadContext.csproj", "{75C9B261-2918-4F8B-BB71-2D3A9A075DDA}"
EndProject
Project("{FAE04EC0-301F-11D3-BF4B-00C04F79EFBC}") = "Authenticators", "..\Accounts\Authenticators\Authenticators.csproj", "{F6121CE4-4EB9-45A5-AA11-B83EB57DBD89}"
EndProject
Project("{FAE04EC0-301F-11D3-BF4B-00C04F79EFBC}") = "Reservations", "Reservations\Reservations.csproj", "{CC105CC3-9F01-4F09-8732-CC625234A54C}"
EndProject
Project("{FAE04EC0-301F-11D3-BF4B-00C04F79EFBC}") = "Az.Reservations", "..\..\generated\Reservations\Reservations.Autorest\Az.Reservations.csproj", "{A9813A10-E229-4F8A-9241-357789E5B14D}"
EndProject
Global
	GlobalSection(SolutionConfigurationPlatforms) = preSolution
		Debug|Any CPU = Debug|Any CPU
		Release|Any CPU = Release|Any CPU
	EndGlobalSection
	GlobalSection(SolutionProperties) = preSolution
		HideSolutionNode = FALSE
	EndGlobalSection
	GlobalSection(ProjectConfigurationPlatforms) = postSolution
		{7E33EA36-393D-4495-9BB9-4299EFD668EA}.Debug|Any CPU.ActiveCfg = Debug|Any CPU
		{7E33EA36-393D-4495-9BB9-4299EFD668EA}.Debug|Any CPU.Build.0 = Debug|Any CPU
		{7E33EA36-393D-4495-9BB9-4299EFD668EA}.Release|Any CPU.ActiveCfg = Release|Any CPU
		{7E33EA36-393D-4495-9BB9-4299EFD668EA}.Release|Any CPU.Build.0 = Release|Any CPU
		{29FBB332-89F5-4728-9368-341800CBD6D4}.Debug|Any CPU.ActiveCfg = Debug|Any CPU
		{29FBB332-89F5-4728-9368-341800CBD6D4}.Debug|Any CPU.Build.0 = Debug|Any CPU
		{29FBB332-89F5-4728-9368-341800CBD6D4}.Release|Any CPU.ActiveCfg = Release|Any CPU
		{29FBB332-89F5-4728-9368-341800CBD6D4}.Release|Any CPU.Build.0 = Release|Any CPU
		{E2BEF58F-EFD6-4BF8-B3AB-C6D03EA2E59B}.Debug|Any CPU.ActiveCfg = Debug|Any CPU
		{E2BEF58F-EFD6-4BF8-B3AB-C6D03EA2E59B}.Debug|Any CPU.Build.0 = Debug|Any CPU
		{E2BEF58F-EFD6-4BF8-B3AB-C6D03EA2E59B}.Release|Any CPU.ActiveCfg = Release|Any CPU
		{E2BEF58F-EFD6-4BF8-B3AB-C6D03EA2E59B}.Release|Any CPU.Build.0 = Release|Any CPU
		{B286ECF2-CD7C-4370-BF5F-87FE932D42BB}.Debug|Any CPU.ActiveCfg = Debug|Any CPU
		{B286ECF2-CD7C-4370-BF5F-87FE932D42BB}.Debug|Any CPU.Build.0 = Debug|Any CPU
		{B286ECF2-CD7C-4370-BF5F-87FE932D42BB}.Release|Any CPU.ActiveCfg = Release|Any CPU
		{B286ECF2-CD7C-4370-BF5F-87FE932D42BB}.Release|Any CPU.Build.0 = Release|Any CPU
		{75C9B261-2918-4F8B-BB71-2D3A9A075DDA}.Debug|Any CPU.ActiveCfg = Debug|Any CPU
		{75C9B261-2918-4F8B-BB71-2D3A9A075DDA}.Debug|Any CPU.Build.0 = Debug|Any CPU
		{75C9B261-2918-4F8B-BB71-2D3A9A075DDA}.Release|Any CPU.ActiveCfg = Release|Any CPU
		{75C9B261-2918-4F8B-BB71-2D3A9A075DDA}.Release|Any CPU.Build.0 = Release|Any CPU
		{F6121CE4-4EB9-45A5-AA11-B83EB57DBD89}.Debug|Any CPU.ActiveCfg = Debug|Any CPU
		{F6121CE4-4EB9-45A5-AA11-B83EB57DBD89}.Debug|Any CPU.Build.0 = Debug|Any CPU
		{F6121CE4-4EB9-45A5-AA11-B83EB57DBD89}.Release|Any CPU.ActiveCfg = Release|Any CPU
		{F6121CE4-4EB9-45A5-AA11-B83EB57DBD89}.Release|Any CPU.Build.0 = Release|Any CPU
		{CC105CC3-9F01-4F09-8732-CC625234A54C}.Debug|Any CPU.ActiveCfg = Debug|Any CPU
		{CC105CC3-9F01-4F09-8732-CC625234A54C}.Debug|Any CPU.Build.0 = Debug|Any CPU
		{CC105CC3-9F01-4F09-8732-CC625234A54C}.Release|Any CPU.ActiveCfg = Release|Any CPU
		{CC105CC3-9F01-4F09-8732-CC625234A54C}.Release|Any CPU.Build.0 = Release|Any CPU
		{A9813A10-E229-4F8A-9241-357789E5B14D}.Debug|Any CPU.ActiveCfg = Debug|Any CPU
		{A9813A10-E229-4F8A-9241-357789E5B14D}.Debug|Any CPU.Build.0 = Debug|Any CPU
		{A9813A10-E229-4F8A-9241-357789E5B14D}.Release|Any CPU.ActiveCfg = Release|Any CPU
		{A9813A10-E229-4F8A-9241-357789E5B14D}.Release|Any CPU.Build.0 = Release|Any CPU
	EndGlobalSection
	GlobalSection(NestedProjects) = preSolution
		{7E33EA36-393D-4495-9BB9-4299EFD668EA} = {8F90E32F-15E6-4B85-9914-A6A042C8603F}
		{29FBB332-89F5-4728-9368-341800CBD6D4} = {8F90E32F-15E6-4B85-9914-A6A042C8603F}
		{E2BEF58F-EFD6-4BF8-B3AB-C6D03EA2E59B} = {8F90E32F-15E6-4B85-9914-A6A042C8603F}
		{B286ECF2-CD7C-4370-BF5F-87FE932D42BB} = {8F90E32F-15E6-4B85-9914-A6A042C8603F}
		{75C9B261-2918-4F8B-BB71-2D3A9A075DDA} = {8F90E32F-15E6-4B85-9914-A6A042C8603F}
		{F6121CE4-4EB9-45A5-AA11-B83EB57DBD89} = {8F90E32F-15E6-4B85-9914-A6A042C8603F}
	EndGlobalSection
EndGlobal
