
Microsoft Visual Studio Solution File, Format Version 12.00
# Visual Studio 15
VisualStudioVersion = 15.0.27004.2005
MinimumVisualStudioVersion = 10.0.40219.1
Project("{9A19103F-16F7-4668-BE54-9A1E7A4F7556}") = "ManagedServices", "ManagedServices\ManagedServices.csproj", "{D2A8F744-8DCB-4A13-BA80-EB181FF365AD}"
EndProject
Project("{9A19103F-16F7-4668-BE54-9A1E7A4F7556}") = "ManagedServices.Test", "ManagedServices.Test\ManagedServices.Test.csproj", "{05E8F0BD-C388-4FD7-B3E9-B06049FE8131}"
EndProject
Project("{9A19103F-16F7-4668-BE54-9A1E7A4F7556}") = "Accounts", "..\Accounts\Accounts\Accounts.csproj", "{142D7B0B-388A-4CEB-A228-7F6D423C5C2E}"
EndProject
Project("{9A19103F-16F7-4668-BE54-9A1E7A4F7556}") = "Authenticators", "..\Accounts\Authenticators\Authenticators.csproj", "{6BD6B80A-06AF-4B5B-9230-69CCFC6C8D64}"
EndProject
Project("{2150E333-8FDC-42A3-9474-1A3956D46DE8}") = "Tests", "Tests", "{E5776483-88B8-4577-B498-4D8C87784E7D}"
EndProject
Project("{9A19103F-16F7-4668-BE54-9A1E7A4F7556}") = "Authentication", "..\Accounts\Authentication\Authentication.csproj", "{FF81DC73-B8EC-4082-8841-4FBF2B16E7CE}"
EndProject
Project("{9A19103F-16F7-4668-BE54-9A1E7A4F7556}") = "Authentication.ResourceManager", "..\Accounts\Authentication.ResourceManager\Authentication.ResourceManager.csproj", "{3E016018-D65D-4336-9F64-17DA97783AD0}"
EndProject
Project("{9A19103F-16F7-4668-BE54-9A1E7A4F7556}") = "ScenarioTest.ResourceManager", "..\..\tools\ScenarioTest.ResourceManager\ScenarioTest.ResourceManager.csproj", "{F83FBA8D-732D-437C-A0E2-02E45B01E123}"
EndProject
Project("{9A19103F-16F7-4668-BE54-9A1E7A4F7556}") = "TestFx", "..\..\tools\TestFx\TestFx.csproj", "{BC80A1D0-FFA4-43D9-AA74-799F5CB54B58}"
EndProject
Global
	GlobalSection(SolutionConfigurationPlatforms) = preSolution
		Debug|Any CPU = Debug|Any CPU
		Debug|ARM = Debug|ARM
		Debug|x64 = Debug|x64
		Debug|x86 = Debug|x86
		Release|Any CPU = Release|Any CPU
		Release|ARM = Release|ARM
		Release|x64 = Release|x64
		Release|x86 = Release|x86
	EndGlobalSection
	GlobalSection(ProjectConfigurationPlatforms) = postSolution
		{D2A8F744-8DCB-4A13-BA80-EB181FF365AD}.Debug|Any CPU.ActiveCfg = Debug|Any CPU
		{D2A8F744-8DCB-4A13-BA80-EB181FF365AD}.Debug|Any CPU.Build.0 = Debug|Any CPU
		{D2A8F744-8DCB-4A13-BA80-EB181FF365AD}.Debug|ARM.ActiveCfg = Debug|Any CPU
		{D2A8F744-8DCB-4A13-BA80-EB181FF365AD}.Debug|ARM.Build.0 = Debug|Any CPU
		{D2A8F744-8DCB-4A13-BA80-EB181FF365AD}.Debug|x64.ActiveCfg = Debug|Any CPU
		{D2A8F744-8DCB-4A13-BA80-EB181FF365AD}.Debug|x64.Build.0 = Debug|Any CPU
		{D2A8F744-8DCB-4A13-BA80-EB181FF365AD}.Debug|x86.ActiveCfg = Debug|Any CPU
		{D2A8F744-8DCB-4A13-BA80-EB181FF365AD}.Debug|x86.Build.0 = Debug|Any CPU
		{D2A8F744-8DCB-4A13-BA80-EB181FF365AD}.Release|Any CPU.ActiveCfg = Release|Any CPU
		{D2A8F744-8DCB-4A13-BA80-EB181FF365AD}.Release|Any CPU.Build.0 = Release|Any CPU
		{D2A8F744-8DCB-4A13-BA80-EB181FF365AD}.Release|ARM.ActiveCfg = Release|Any CPU
		{D2A8F744-8DCB-4A13-BA80-EB181FF365AD}.Release|ARM.Build.0 = Release|Any CPU
		{D2A8F744-8DCB-4A13-BA80-EB181FF365AD}.Release|x64.ActiveCfg = Release|Any CPU
		{D2A8F744-8DCB-4A13-BA80-EB181FF365AD}.Release|x64.Build.0 = Release|Any CPU
		{D2A8F744-8DCB-4A13-BA80-EB181FF365AD}.Release|x86.ActiveCfg = Release|Any CPU
		{D2A8F744-8DCB-4A13-BA80-EB181FF365AD}.Release|x86.Build.0 = Release|Any CPU
		{05E8F0BD-C388-4FD7-B3E9-B06049FE8131}.Debug|Any CPU.ActiveCfg = Debug|Any CPU
		{05E8F0BD-C388-4FD7-B3E9-B06049FE8131}.Debug|Any CPU.Build.0 = Debug|Any CPU
		{05E8F0BD-C388-4FD7-B3E9-B06049FE8131}.Debug|ARM.ActiveCfg = Debug|Any CPU
		{05E8F0BD-C388-4FD7-B3E9-B06049FE8131}.Debug|ARM.Build.0 = Debug|Any CPU
		{05E8F0BD-C388-4FD7-B3E9-B06049FE8131}.Debug|x64.ActiveCfg = Debug|Any CPU
		{05E8F0BD-C388-4FD7-B3E9-B06049FE8131}.Debug|x64.Build.0 = Debug|Any CPU
		{05E8F0BD-C388-4FD7-B3E9-B06049FE8131}.Debug|x86.ActiveCfg = Debug|Any CPU
		{05E8F0BD-C388-4FD7-B3E9-B06049FE8131}.Debug|x86.Build.0 = Debug|Any CPU
		{05E8F0BD-C388-4FD7-B3E9-B06049FE8131}.Release|Any CPU.ActiveCfg = Release|Any CPU
		{05E8F0BD-C388-4FD7-B3E9-B06049FE8131}.Release|Any CPU.Build.0 = Release|Any CPU
		{05E8F0BD-C388-4FD7-B3E9-B06049FE8131}.Release|ARM.ActiveCfg = Release|Any CPU
		{05E8F0BD-C388-4FD7-B3E9-B06049FE8131}.Release|ARM.Build.0 = Release|Any CPU
		{05E8F0BD-C388-4FD7-B3E9-B06049FE8131}.Release|x64.ActiveCfg = Release|Any CPU
		{05E8F0BD-C388-4FD7-B3E9-B06049FE8131}.Release|x64.Build.0 = Release|Any CPU
		{05E8F0BD-C388-4FD7-B3E9-B06049FE8131}.Release|x86.ActiveCfg = Release|Any CPU
		{05E8F0BD-C388-4FD7-B3E9-B06049FE8131}.Release|x86.Build.0 = Release|Any CPU
		{142D7B0B-388A-4CEB-A228-7F6D423C5C2E}.Debug|Any CPU.ActiveCfg = Debug|Any CPU
		{142D7B0B-388A-4CEB-A228-7F6D423C5C2E}.Debug|Any CPU.Build.0 = Debug|Any CPU
		{142D7B0B-388A-4CEB-A228-7F6D423C5C2E}.Debug|ARM.ActiveCfg = Debug|Any CPU
		{142D7B0B-388A-4CEB-A228-7F6D423C5C2E}.Debug|ARM.Build.0 = Debug|Any CPU
		{142D7B0B-388A-4CEB-A228-7F6D423C5C2E}.Debug|x64.ActiveCfg = Debug|Any CPU
		{142D7B0B-388A-4CEB-A228-7F6D423C5C2E}.Debug|x64.Build.0 = Debug|Any CPU
		{142D7B0B-388A-4CEB-A228-7F6D423C5C2E}.Debug|x86.ActiveCfg = Debug|Any CPU
		{142D7B0B-388A-4CEB-A228-7F6D423C5C2E}.Debug|x86.Build.0 = Debug|Any CPU
		{142D7B0B-388A-4CEB-A228-7F6D423C5C2E}.Release|Any CPU.ActiveCfg = Release|Any CPU
		{142D7B0B-388A-4CEB-A228-7F6D423C5C2E}.Release|Any CPU.Build.0 = Release|Any CPU
		{142D7B0B-388A-4CEB-A228-7F6D423C5C2E}.Release|ARM.ActiveCfg = Release|Any CPU
		{142D7B0B-388A-4CEB-A228-7F6D423C5C2E}.Release|ARM.Build.0 = Release|Any CPU
		{142D7B0B-388A-4CEB-A228-7F6D423C5C2E}.Release|x64.ActiveCfg = Release|Any CPU
		{142D7B0B-388A-4CEB-A228-7F6D423C5C2E}.Release|x64.Build.0 = Release|Any CPU
		{142D7B0B-388A-4CEB-A228-7F6D423C5C2E}.Release|x86.ActiveCfg = Release|Any CPU
		{FF81DC73-B8EC-4082-8841-4FBF2B16E7CE}.Debug|Any CPU.ActiveCfg = Debug|Any CPU
		{FF81DC73-B8EC-4082-8841-4FBF2B16E7CE}.Debug|Any CPU.Build.0 = Debug|Any CPU
		{FF81DC73-B8EC-4082-8841-4FBF2B16E7CE}.Debug|ARM.ActiveCfg = Debug|Any CPU
		{FF81DC73-B8EC-4082-8841-4FBF2B16E7CE}.Debug|ARM.Build.0 = Debug|Any CPU
		{FF81DC73-B8EC-4082-8841-4FBF2B16E7CE}.Debug|x64.ActiveCfg = Debug|Any CPU
		{FF81DC73-B8EC-4082-8841-4FBF2B16E7CE}.Debug|x64.Build.0 = Debug|Any CPU
		{FF81DC73-B8EC-4082-8841-4FBF2B16E7CE}.Debug|x86.ActiveCfg = Debug|Any CPU
		{FF81DC73-B8EC-4082-8841-4FBF2B16E7CE}.Debug|x86.Build.0 = Debug|Any CPU
		{FF81DC73-B8EC-4082-8841-4FBF2B16E7CE}.Release|Any CPU.ActiveCfg = Release|Any CPU
		{FF81DC73-B8EC-4082-8841-4FBF2B16E7CE}.Release|Any CPU.Build.0 = Release|Any CPU
		{FF81DC73-B8EC-4082-8841-4FBF2B16E7CE}.Release|ARM.ActiveCfg = Release|Any CPU
		{FF81DC73-B8EC-4082-8841-4FBF2B16E7CE}.Release|ARM.Build.0 = Release|Any CPU
		{FF81DC73-B8EC-4082-8841-4FBF2B16E7CE}.Release|x64.ActiveCfg = Release|Any CPU
		{FF81DC73-B8EC-4082-8841-4FBF2B16E7CE}.Release|x64.Build.0 = Release|Any CPU
		{FF81DC73-B8EC-4082-8841-4FBF2B16E7CE}.Release|x86.ActiveCfg = Release|Any CPU
		{FF81DC73-B8EC-4082-8841-4FBF2B16E7CE}.Release|x86.Build.0 = Release|Any CPU
		{3E016018-D65D-4336-9F64-17DA97783AD0}.Debug|Any CPU.ActiveCfg = Debug|Any CPU
		{3E016018-D65D-4336-9F64-17DA97783AD0}.Debug|Any CPU.Build.0 = Debug|Any CPU
		{3E016018-D65D-4336-9F64-17DA97783AD0}.Debug|ARM.ActiveCfg = Debug|Any CPU
		{3E016018-D65D-4336-9F64-17DA97783AD0}.Debug|ARM.Build.0 = Debug|Any CPU
		{3E016018-D65D-4336-9F64-17DA97783AD0}.Debug|x64.ActiveCfg = Debug|Any CPU
		{3E016018-D65D-4336-9F64-17DA97783AD0}.Debug|x64.Build.0 = Debug|Any CPU
		{3E016018-D65D-4336-9F64-17DA97783AD0}.Debug|x86.ActiveCfg = Debug|Any CPU
		{3E016018-D65D-4336-9F64-17DA97783AD0}.Debug|x86.Build.0 = Debug|Any CPU
		{3E016018-D65D-4336-9F64-17DA97783AD0}.Release|Any CPU.ActiveCfg = Release|Any CPU
		{3E016018-D65D-4336-9F64-17DA97783AD0}.Release|Any CPU.Build.0 = Release|Any CPU
		{3E016018-D65D-4336-9F64-17DA97783AD0}.Release|ARM.ActiveCfg = Release|Any CPU
		{3E016018-D65D-4336-9F64-17DA97783AD0}.Release|ARM.Build.0 = Release|Any CPU
		{3E016018-D65D-4336-9F64-17DA97783AD0}.Release|x64.ActiveCfg = Release|Any CPU
		{3E016018-D65D-4336-9F64-17DA97783AD0}.Release|x64.Build.0 = Release|Any CPU
		{3E016018-D65D-4336-9F64-17DA97783AD0}.Release|x86.ActiveCfg = Release|Any CPU
		{3E016018-D65D-4336-9F64-17DA97783AD0}.Release|x86.Build.0 = Release|Any CPU
		{F83FBA8D-732D-437C-A0E2-02E45B01E123}.Debug|Any CPU.ActiveCfg = Debug|Any CPU
		{F83FBA8D-732D-437C-A0E2-02E45B01E123}.Debug|Any CPU.Build.0 = Debug|Any CPU
		{F83FBA8D-732D-437C-A0E2-02E45B01E123}.Debug|ARM.ActiveCfg = Debug|Any CPU
		{F83FBA8D-732D-437C-A0E2-02E45B01E123}.Debug|ARM.Build.0 = Debug|Any CPU
		{F83FBA8D-732D-437C-A0E2-02E45B01E123}.Debug|x64.ActiveCfg = Debug|Any CPU
		{F83FBA8D-732D-437C-A0E2-02E45B01E123}.Debug|x64.Build.0 = Debug|Any CPU
		{F83FBA8D-732D-437C-A0E2-02E45B01E123}.Debug|x86.ActiveCfg = Debug|Any CPU
		{F83FBA8D-732D-437C-A0E2-02E45B01E123}.Debug|x86.Build.0 = Debug|Any CPU
		{F83FBA8D-732D-437C-A0E2-02E45B01E123}.Release|Any CPU.ActiveCfg = Release|Any CPU
		{F83FBA8D-732D-437C-A0E2-02E45B01E123}.Release|Any CPU.Build.0 = Release|Any CPU
		{F83FBA8D-732D-437C-A0E2-02E45B01E123}.Release|ARM.ActiveCfg = Release|Any CPU
		{F83FBA8D-732D-437C-A0E2-02E45B01E123}.Release|ARM.Build.0 = Release|Any CPU
		{F83FBA8D-732D-437C-A0E2-02E45B01E123}.Release|x64.ActiveCfg = Release|Any CPU
		{F83FBA8D-732D-437C-A0E2-02E45B01E123}.Release|x64.Build.0 = Release|Any CPU
		{F83FBA8D-732D-437C-A0E2-02E45B01E123}.Release|x86.ActiveCfg = Release|Any CPU
		{F83FBA8D-732D-437C-A0E2-02E45B01E123}.Release|x86.Build.0 = Release|Any CPU
		{BC80A1D0-FFA4-43D9-AA74-799F5CB54B58}.Debug|Any CPU.ActiveCfg = Debug|Any CPU
		{BC80A1D0-FFA4-43D9-AA74-799F5CB54B58}.Debug|Any CPU.Build.0 = Debug|Any CPU
		{BC80A1D0-FFA4-43D9-AA74-799F5CB54B58}.Debug|ARM.ActiveCfg = Debug|Any CPU
		{BC80A1D0-FFA4-43D9-AA74-799F5CB54B58}.Debug|ARM.Build.0 = Debug|Any CPU
		{BC80A1D0-FFA4-43D9-AA74-799F5CB54B58}.Debug|x64.ActiveCfg = Debug|Any CPU
		{BC80A1D0-FFA4-43D9-AA74-799F5CB54B58}.Debug|x64.Build.0 = Debug|Any CPU
		{BC80A1D0-FFA4-43D9-AA74-799F5CB54B58}.Debug|x86.ActiveCfg = Debug|Any CPU
		{BC80A1D0-FFA4-43D9-AA74-799F5CB54B58}.Debug|x86.Build.0 = Debug|Any CPU
		{BC80A1D0-FFA4-43D9-AA74-799F5CB54B58}.Release|Any CPU.ActiveCfg = Release|Any CPU
		{BC80A1D0-FFA4-43D9-AA74-799F5CB54B58}.Release|Any CPU.Build.0 = Release|Any CPU
		{BC80A1D0-FFA4-43D9-AA74-799F5CB54B58}.Release|ARM.ActiveCfg = Release|Any CPU
		{BC80A1D0-FFA4-43D9-AA74-799F5CB54B58}.Release|ARM.Build.0 = Release|Any CPU
		{BC80A1D0-FFA4-43D9-AA74-799F5CB54B58}.Release|x64.ActiveCfg = Release|Any CPU
		{BC80A1D0-FFA4-43D9-AA74-799F5CB54B58}.Release|x64.Build.0 = Release|Any CPU
		{BC80A1D0-FFA4-43D9-AA74-799F5CB54B58}.Release|x86.ActiveCfg = Release|Any CPU
		{BC80A1D0-FFA4-43D9-AA74-799F5CB54B58}.Release|x86.Build.0 = Release|Any CPU
	EndGlobalSection
	GlobalSection(SolutionProperties) = preSolution
		HideSolutionNode = FALSE
	EndGlobalSection
	GlobalSection(NestedProjects) = preSolution
		{05E8F0BD-C388-4FD7-B3E9-B06049FE8131} = {E5776483-88B8-4577-B498-4D8C87784E7D}
	EndGlobalSection
	GlobalSection(ExtensibilityGlobals) = postSolution
		SolutionGuid = {9B0BAD10-73A2-4F3C-A080-BA73684E7999}
	EndGlobalSection
EndGlobal
