Microsoft Visual Studio Solution File, Format Version 12.00
# Visual Studio 15
VisualStudioVersion = 15.0.27703.2042
MinimumVisualStudioVersion = 10.0.40219.1
Project("{2150E333-8FDC-42A3-9474-1A3956D46DE8}") = "Tests", "Tests", "{95C16AED-FD57-42A0-86C3-2CF4300A4817}"
EndProject
Project("{FAE04EC0-301F-11D3-BF4B-00C04F79EFBC}") = "Commands.TrafficManager", "Commands.TrafficManager2\Commands.TrafficManager.csproj", "{270CBB5F-BB8A-4E33-B35B-95698E607D97}"
EndProject
Project("{FAE04EC0-301F-11D3-BF4B-00C04F79EFBC}") = "Commands.TrafficManager.Test", "Commands.TrafficManager2.Test\Commands.TrafficManager.Test.csproj", "{5764A3A4-586C-4536-8481-13007CAC111B}"
EndProject
Project("{FAE04EC0-301F-11D3-BF4B-00C04F79EFBC}") = "Commands.Profile", "..\Profile\Commands.Profile\Commands.Profile.csproj", "{142D7B0B-388A-4CEB-A228-7F6D423C5C2E}"
EndProject
Global
	GlobalSection(SolutionConfigurationPlatforms) = preSolution
		Debug|Any CPU = Debug|Any CPU
		Release|Any CPU = Release|Any CPU
	EndGlobalSection
	GlobalSection(ProjectConfigurationPlatforms) = postSolution
		{270CBB5F-BB8A-4E33-B35B-95698E607D97}.Debug|Any CPU.ActiveCfg = Debug|Any CPU
		{270CBB5F-BB8A-4E33-B35B-95698E607D97}.Debug|Any CPU.Build.0 = Debug|Any CPU
		{270CBB5F-BB8A-4E33-B35B-95698E607D97}.Release|Any CPU.ActiveCfg = Release|Any CPU
		{270CBB5F-BB8A-4E33-B35B-95698E607D97}.Release|Any CPU.Build.0 = Release|Any CPU
		{5764A3A4-586C-4536-8481-13007CAC111B}.Debug|Any CPU.ActiveCfg = Debug|Any CPU
		{5764A3A4-586C-4536-8481-13007CAC111B}.Debug|Any CPU.Build.0 = Debug|Any CPU
		{5764A3A4-586C-4536-8481-13007CAC111B}.Release|Any CPU.ActiveCfg = Release|Any CPU
		{5764A3A4-586C-4536-8481-13007CAC111B}.Release|Any CPU.Build.0 = Release|Any CPU
		{142D7B0B-388A-4CEB-A228-7F6D423C5C2E}.Debug|Any CPU.ActiveCfg = Debug|Any CPU
		{142D7B0B-388A-4CEB-A228-7F6D423C5C2E}.Debug|Any CPU.Build.0 = Debug|Any CPU
		{142D7B0B-388A-4CEB-A228-7F6D423C5C2E}.Release|Any CPU.ActiveCfg = Release|Any CPU
		{142D7B0B-388A-4CEB-A228-7F6D423C5C2E}.Release|Any CPU.Build.0 = Release|Any CPU
	EndGlobalSection
	GlobalSection(SolutionProperties) = preSolution
		HideSolutionNode = FALSE
	EndGlobalSection
	GlobalSection(NestedProjects) = preSolution
		{5764A3A4-586C-4536-8481-13007CAC111B} = {95C16AED-FD57-42A0-86C3-2CF4300A4817}
	EndGlobalSection
	GlobalSection(ExtensibilityGlobals) = postSolution
		SolutionGuid = {19BBF90B-E1B6-4921-BEC6-864AA21127B4}
	EndGlobalSection
EndGlobal
