
Microsoft Visual Studio Solution File, Format Version 12.00
# Visual Studio Version 17
VisualStudioVersion = 17.0.31903.59
MinimumVisualStudioVersion = 10.0.40219.1
Project("{FAE04EC0-301F-11D3-BF4B-00C04F79EFBC}") = "Accounts", "..\Accounts\Accounts\Accounts.csproj", "{AE75AA0D-E4B5-46AF-B0F4-2C8A4A08F8CE}"
EndProject
Project("{FAE04EC0-301F-11D3-BF4B-00C04F79EFBC}") = "AssemblyLoading", "..\Accounts\AssemblyLoading\AssemblyLoading.csproj", "{D2807387-35CF-4855-99E1-951B3EE1F023}"
EndProject
Project("{FAE04EC0-301F-11D3-BF4B-00C04F79EFBC}") = "Authentication", "..\Accounts\Authentication\Authentication.csproj", "{83849AFA-BFB9-4928-8668-B7BCCC02D6DF}"
EndProject
Project("{FAE04EC0-301F-11D3-BF4B-00C04F79EFBC}") = "Authentication.ResourceManager", "..\Accounts\Authentication.ResourceManager\Authentication.ResourceManager.csproj", "{393C400D-E94C-4F33-83B8-AB5820DB66E7}"
EndProject
Project("{FAE04EC0-301F-11D3-BF4B-00C04F79EFBC}") = "AuthenticationAssemblyLoadContext", "..\Accounts\AuthenticationAssemblyLoadContext\AuthenticationAssemblyLoadContext.csproj", "{1D620700-94EB-4A44-877D-ECF764979E05}"
EndProject
Project("{FAE04EC0-301F-11D3-BF4B-00C04F79EFBC}") = "Authenticators", "..\Accounts\Authenticators\Authenticators.csproj", "{62692BBA-C288-4F0C-A42B-C9798D3CDA71}"
EndProject
Project("{FAE04EC0-301F-11D3-BF4B-00C04F79EFBC}") = "Advisor", "Advisor\Advisor.csproj", "{857C0D43-65B8-460A-B3B1-4AB0010D1CBC}"
EndProject
Project("{FAE04EC0-301F-11D3-BF4B-00C04F79EFBC}") = "Az.Advisor", "Advisor.Autorest\Az.Advisor.csproj", "{21141023-1A92-4A66-89E7-5B84C15D7CFB}"
EndProject
Global
	GlobalSection(SolutionConfigurationPlatforms) = preSolution
		Debug|Any CPU = Debug|Any CPU
		Release|Any CPU = Release|Any CPU
	EndGlobalSection
	GlobalSection(SolutionProperties) = preSolution
		HideSolutionNode = FALSE
	EndGlobalSection
	GlobalSection(ProjectConfigurationPlatforms) = postSolution
		{AE75AA0D-E4B5-46AF-B0F4-2C8A4A08F8CE}.Debug|Any CPU.ActiveCfg = Debug|Any CPU
		{AE75AA0D-E4B5-46AF-B0F4-2C8A4A08F8CE}.Debug|Any CPU.Build.0 = Debug|Any CPU
		{AE75AA0D-E4B5-46AF-B0F4-2C8A4A08F8CE}.Release|Any CPU.ActiveCfg = Release|Any CPU
		{AE75AA0D-E4B5-46AF-B0F4-2C8A4A08F8CE}.Release|Any CPU.Build.0 = Release|Any CPU
		{D2807387-35CF-4855-99E1-951B3EE1F023}.Debug|Any CPU.ActiveCfg = Debug|Any CPU
		{D2807387-35CF-4855-99E1-951B3EE1F023}.Debug|Any CPU.Build.0 = Debug|Any CPU
		{D2807387-35CF-4855-99E1-951B3EE1F023}.Release|Any CPU.ActiveCfg = Release|Any CPU
		{D2807387-35CF-4855-99E1-951B3EE1F023}.Release|Any CPU.Build.0 = Release|Any CPU
		{83849AFA-BFB9-4928-8668-B7BCCC02D6DF}.Debug|Any CPU.ActiveCfg = Debug|Any CPU
		{83849AFA-BFB9-4928-8668-B7BCCC02D6DF}.Debug|Any CPU.Build.0 = Debug|Any CPU
		{83849AFA-BFB9-4928-8668-B7BCCC02D6DF}.Release|Any CPU.ActiveCfg = Release|Any CPU
		{83849AFA-BFB9-4928-8668-B7BCCC02D6DF}.Release|Any CPU.Build.0 = Release|Any CPU
		{393C400D-E94C-4F33-83B8-AB5820DB66E7}.Debug|Any CPU.ActiveCfg = Debug|Any CPU
		{393C400D-E94C-4F33-83B8-AB5820DB66E7}.Debug|Any CPU.Build.0 = Debug|Any CPU
		{393C400D-E94C-4F33-83B8-AB5820DB66E7}.Release|Any CPU.ActiveCfg = Release|Any CPU
		{393C400D-E94C-4F33-83B8-AB5820DB66E7}.Release|Any CPU.Build.0 = Release|Any CPU
		{1D620700-94EB-4A44-877D-ECF764979E05}.Debug|Any CPU.ActiveCfg = Debug|Any CPU
		{1D620700-94EB-4A44-877D-ECF764979E05}.Debug|Any CPU.Build.0 = Debug|Any CPU
		{1D620700-94EB-4A44-877D-ECF764979E05}.Release|Any CPU.ActiveCfg = Release|Any CPU
		{1D620700-94EB-4A44-877D-ECF764979E05}.Release|Any CPU.Build.0 = Release|Any CPU
		{62692BBA-C288-4F0C-A42B-C9798D3CDA71}.Debug|Any CPU.ActiveCfg = Debug|Any CPU
		{62692BBA-C288-4F0C-A42B-C9798D3CDA71}.Debug|Any CPU.Build.0 = Debug|Any CPU
		{62692BBA-C288-4F0C-A42B-C9798D3CDA71}.Release|Any CPU.ActiveCfg = Release|Any CPU
		{62692BBA-C288-4F0C-A42B-C9798D3CDA71}.Release|Any CPU.Build.0 = Release|Any CPU
		{857C0D43-65B8-460A-B3B1-4AB0010D1CBC}.Debug|Any CPU.ActiveCfg = Debug|Any CPU
		{857C0D43-65B8-460A-B3B1-4AB0010D1CBC}.Debug|Any CPU.Build.0 = Debug|Any CPU
		{857C0D43-65B8-460A-B3B1-4AB0010D1CBC}.Release|Any CPU.ActiveCfg = Release|Any CPU
		{857C0D43-65B8-460A-B3B1-4AB0010D1CBC}.Release|Any CPU.Build.0 = Release|Any CPU
		{21141023-1A92-4A66-89E7-5B84C15D7CFB}.Debug|Any CPU.ActiveCfg = Debug|Any CPU
		{21141023-1A92-4A66-89E7-5B84C15D7CFB}.Debug|Any CPU.Build.0 = Debug|Any CPU
		{21141023-1A92-4A66-89E7-5B84C15D7CFB}.Release|Any CPU.ActiveCfg = Release|Any CPU
		{21141023-1A92-4A66-89E7-5B84C15D7CFB}.Release|Any CPU.Build.0 = Release|Any CPU
	EndGlobalSection
EndGlobal
