
Microsoft Visual Studio Solution File, Format Version 12.00
# Visual Studio Version 16
VisualStudioVersion = 16.0.30114.105
MinimumVisualStudioVersion = 10.0.40219.1
Project("{FAE04EC0-301F-11D3-BF4B-00C04F79EFBC}") = "Accounts", "..\Accounts\Accounts\Accounts.csproj", "{1CCF78DB-0EBA-4FE7-963D-BA1B75F95F46}"
EndProject
Project("{FAE04EC0-301F-11D3-BF4B-00C04F79EFBC}") = "Authentication", "..\Accounts\Authentication\Authentication.csproj", "{7EBA2A6C-67FA-46AC-A985-5CB59F6FB523}"
EndProject
Project("{FAE04EC0-301F-11D3-BF4B-00C04F79EFBC}") = "Authentication.ResourceManager", "..\Accounts\Authentication.ResourceManager\Authentication.ResourceManager.csproj", "{C098CCFB-5E24-4354-9DC1-F6ECBCC0B6BE}"
EndProject
Project("{FAE04EC0-301F-11D3-BF4B-00C04F79EFBC}") = "AuthenticationAssemblyLoadContext", "..\Accounts\AuthenticationAssemblyLoadContext\AuthenticationAssemblyLoadContext.csproj", "{A77189F7-A308-4E57-A31E-2AE0C966D8DF}"
EndProject
Project("{FAE04EC0-301F-11D3-BF4B-00C04F79EFBC}") = "Authenticators", "..\Accounts\Authenticators\Authenticators.csproj", "{9AF84C31-F55A-40E6-931D-9F5BCF5FAA12}"
EndProject
Project("{FAE04EC0-301F-11D3-BF4B-00C04F79EFBC}") = "Az.BotService", "Az.BotService.csproj", "{7F878B00-C1D3-4A51-9519-977DD9E133A7}"
EndProject
Global
	GlobalSection(SolutionConfigurationPlatforms) = preSolution
		Debug|Any CPU = Debug|Any CPU
		Debug|x64 = Debug|x64
		Debug|x86 = Debug|x86
		Release|Any CPU = Release|Any CPU
		Release|x64 = Release|x64
		Release|x86 = Release|x86
	EndGlobalSection
	GlobalSection(SolutionProperties) = preSolution
		HideSolutionNode = FALSE
	EndGlobalSection
	GlobalSection(ProjectConfigurationPlatforms) = postSolution
		{1CCF78DB-0EBA-4FE7-963D-BA1B75F95F46}.Debug|Any CPU.ActiveCfg = Debug|Any CPU
		{1CCF78DB-0EBA-4FE7-963D-BA1B75F95F46}.Debug|Any CPU.Build.0 = Debug|Any CPU
		{1CCF78DB-0EBA-4FE7-963D-BA1B75F95F46}.Debug|x64.ActiveCfg = Debug|Any CPU
		{1CCF78DB-0EBA-4FE7-963D-BA1B75F95F46}.Debug|x64.Build.0 = Debug|Any CPU
		{1CCF78DB-0EBA-4FE7-963D-BA1B75F95F46}.Debug|x86.ActiveCfg = Debug|Any CPU
		{1CCF78DB-0EBA-4FE7-963D-BA1B75F95F46}.Debug|x86.Build.0 = Debug|Any CPU
		{1CCF78DB-0EBA-4FE7-963D-BA1B75F95F46}.Release|Any CPU.ActiveCfg = Release|Any CPU
		{1CCF78DB-0EBA-4FE7-963D-BA1B75F95F46}.Release|Any CPU.Build.0 = Release|Any CPU
		{1CCF78DB-0EBA-4FE7-963D-BA1B75F95F46}.Release|x64.ActiveCfg = Release|Any CPU
		{1CCF78DB-0EBA-4FE7-963D-BA1B75F95F46}.Release|x64.Build.0 = Release|Any CPU
		{1CCF78DB-0EBA-4FE7-963D-BA1B75F95F46}.Release|x86.ActiveCfg = Release|Any CPU
		{1CCF78DB-0EBA-4FE7-963D-BA1B75F95F46}.Release|x86.Build.0 = Release|Any CPU
		{7EBA2A6C-67FA-46AC-A985-5CB59F6FB523}.Debug|Any CPU.ActiveCfg = Debug|Any CPU
		{7EBA2A6C-67FA-46AC-A985-5CB59F6FB523}.Debug|Any CPU.Build.0 = Debug|Any CPU
		{7EBA2A6C-67FA-46AC-A985-5CB59F6FB523}.Debug|x64.ActiveCfg = Debug|Any CPU
		{7EBA2A6C-67FA-46AC-A985-5CB59F6FB523}.Debug|x64.Build.0 = Debug|Any CPU
		{7EBA2A6C-67FA-46AC-A985-5CB59F6FB523}.Debug|x86.ActiveCfg = Debug|Any CPU
		{7EBA2A6C-67FA-46AC-A985-5CB59F6FB523}.Debug|x86.Build.0 = Debug|Any CPU
		{7EBA2A6C-67FA-46AC-A985-5CB59F6FB523}.Release|Any CPU.ActiveCfg = Release|Any CPU
		{7EBA2A6C-67FA-46AC-A985-5CB59F6FB523}.Release|Any CPU.Build.0 = Release|Any CPU
		{7EBA2A6C-67FA-46AC-A985-5CB59F6FB523}.Release|x64.ActiveCfg = Release|Any CPU
		{7EBA2A6C-67FA-46AC-A985-5CB59F6FB523}.Release|x64.Build.0 = Release|Any CPU
		{7EBA2A6C-67FA-46AC-A985-5CB59F6FB523}.Release|x86.ActiveCfg = Release|Any CPU
		{7EBA2A6C-67FA-46AC-A985-5CB59F6FB523}.Release|x86.Build.0 = Release|Any CPU
		{C098CCFB-5E24-4354-9DC1-F6ECBCC0B6BE}.Debug|Any CPU.ActiveCfg = Debug|Any CPU
		{C098CCFB-5E24-4354-9DC1-F6ECBCC0B6BE}.Debug|Any CPU.Build.0 = Debug|Any CPU
		{C098CCFB-5E24-4354-9DC1-F6ECBCC0B6BE}.Debug|x64.ActiveCfg = Debug|Any CPU
		{C098CCFB-5E24-4354-9DC1-F6ECBCC0B6BE}.Debug|x64.Build.0 = Debug|Any CPU
		{C098CCFB-5E24-4354-9DC1-F6ECBCC0B6BE}.Debug|x86.ActiveCfg = Debug|Any CPU
		{C098CCFB-5E24-4354-9DC1-F6ECBCC0B6BE}.Debug|x86.Build.0 = Debug|Any CPU
		{C098CCFB-5E24-4354-9DC1-F6ECBCC0B6BE}.Release|Any CPU.ActiveCfg = Release|Any CPU
		{C098CCFB-5E24-4354-9DC1-F6ECBCC0B6BE}.Release|Any CPU.Build.0 = Release|Any CPU
		{C098CCFB-5E24-4354-9DC1-F6ECBCC0B6BE}.Release|x64.ActiveCfg = Release|Any CPU
		{C098CCFB-5E24-4354-9DC1-F6ECBCC0B6BE}.Release|x64.Build.0 = Release|Any CPU
		{C098CCFB-5E24-4354-9DC1-F6ECBCC0B6BE}.Release|x86.ActiveCfg = Release|Any CPU
		{C098CCFB-5E24-4354-9DC1-F6ECBCC0B6BE}.Release|x86.Build.0 = Release|Any CPU
		{A77189F7-A308-4E57-A31E-2AE0C966D8DF}.Debug|Any CPU.ActiveCfg = Debug|Any CPU
		{A77189F7-A308-4E57-A31E-2AE0C966D8DF}.Debug|Any CPU.Build.0 = Debug|Any CPU
		{A77189F7-A308-4E57-A31E-2AE0C966D8DF}.Debug|x64.ActiveCfg = Debug|Any CPU
		{A77189F7-A308-4E57-A31E-2AE0C966D8DF}.Debug|x64.Build.0 = Debug|Any CPU
		{A77189F7-A308-4E57-A31E-2AE0C966D8DF}.Debug|x86.ActiveCfg = Debug|Any CPU
		{A77189F7-A308-4E57-A31E-2AE0C966D8DF}.Debug|x86.Build.0 = Debug|Any CPU
		{A77189F7-A308-4E57-A31E-2AE0C966D8DF}.Release|Any CPU.ActiveCfg = Release|Any CPU
		{A77189F7-A308-4E57-A31E-2AE0C966D8DF}.Release|Any CPU.Build.0 = Release|Any CPU
		{A77189F7-A308-4E57-A31E-2AE0C966D8DF}.Release|x64.ActiveCfg = Release|Any CPU
		{A77189F7-A308-4E57-A31E-2AE0C966D8DF}.Release|x64.Build.0 = Release|Any CPU
		{A77189F7-A308-4E57-A31E-2AE0C966D8DF}.Release|x86.ActiveCfg = Release|Any CPU
		{A77189F7-A308-4E57-A31E-2AE0C966D8DF}.Release|x86.Build.0 = Release|Any CPU
		{9AF84C31-F55A-40E6-931D-9F5BCF5FAA12}.Debug|Any CPU.ActiveCfg = Debug|Any CPU
		{9AF84C31-F55A-40E6-931D-9F5BCF5FAA12}.Debug|Any CPU.Build.0 = Debug|Any CPU
		{9AF84C31-F55A-40E6-931D-9F5BCF5FAA12}.Debug|x64.ActiveCfg = Debug|Any CPU
		{9AF84C31-F55A-40E6-931D-9F5BCF5FAA12}.Debug|x64.Build.0 = Debug|Any CPU
		{9AF84C31-F55A-40E6-931D-9F5BCF5FAA12}.Debug|x86.ActiveCfg = Debug|Any CPU
		{9AF84C31-F55A-40E6-931D-9F5BCF5FAA12}.Debug|x86.Build.0 = Debug|Any CPU
		{9AF84C31-F55A-40E6-931D-9F5BCF5FAA12}.Release|Any CPU.ActiveCfg = Release|Any CPU
		{9AF84C31-F55A-40E6-931D-9F5BCF5FAA12}.Release|Any CPU.Build.0 = Release|Any CPU
		{9AF84C31-F55A-40E6-931D-9F5BCF5FAA12}.Release|x64.ActiveCfg = Release|Any CPU
		{9AF84C31-F55A-40E6-931D-9F5BCF5FAA12}.Release|x64.Build.0 = Release|Any CPU
		{9AF84C31-F55A-40E6-931D-9F5BCF5FAA12}.Release|x86.ActiveCfg = Release|Any CPU
		{9AF84C31-F55A-40E6-931D-9F5BCF5FAA12}.Release|x86.Build.0 = Release|Any CPU
		{7F878B00-C1D3-4A51-9519-977DD9E133A7}.Debug|Any CPU.ActiveCfg = Debug|Any CPU
		{7F878B00-C1D3-4A51-9519-977DD9E133A7}.Debug|Any CPU.Build.0 = Debug|Any CPU
		{7F878B00-C1D3-4A51-9519-977DD9E133A7}.Debug|x64.ActiveCfg = Debug|Any CPU
		{7F878B00-C1D3-4A51-9519-977DD9E133A7}.Debug|x64.Build.0 = Debug|Any CPU
		{7F878B00-C1D3-4A51-9519-977DD9E133A7}.Debug|x86.ActiveCfg = Debug|Any CPU
		{7F878B00-C1D3-4A51-9519-977DD9E133A7}.Debug|x86.Build.0 = Debug|Any CPU
		{7F878B00-C1D3-4A51-9519-977DD9E133A7}.Release|Any CPU.ActiveCfg = Release|Any CPU
		{7F878B00-C1D3-4A51-9519-977DD9E133A7}.Release|Any CPU.Build.0 = Release|Any CPU
		{7F878B00-C1D3-4A51-9519-977DD9E133A7}.Release|x64.ActiveCfg = Release|Any CPU
		{7F878B00-C1D3-4A51-9519-977DD9E133A7}.Release|x64.Build.0 = Release|Any CPU
		{7F878B00-C1D3-4A51-9519-977DD9E133A7}.Release|x86.ActiveCfg = Release|Any CPU
		{7F878B00-C1D3-4A51-9519-977DD9E133A7}.Release|x86.Build.0 = Release|Any CPU
	EndGlobalSection
EndGlobal
