Microsoft Visual Studio Solution File, Format Version 12.00
# Visual Studio 15
VisualStudioVersion = 15.0.27703.2042
MinimumVisualStudioVersion = 10.0.40219.1
Project("{FAE04EC0-301F-11D3-BF4B-00C04F79EFBC}") = "Commands.Compute", "Commands.Compute\Commands.Compute.csproj", "{52643BD5-6378-49BD-9F6E-DAC9DD8A867B}"
EndProject
Project("{2150E333-8FDC-42A3-9474-1A3956D46DE8}") = "Tests", "Tests", "{69D94019-A972-41B9-AE93-D42BFC737E5E}"
EndProject
Project("{FAE04EC0-301F-11D3-BF4B-00C04F79EFBC}") = "Commands.Profile", "..\..\ResourceManager\Profile\Commands.Profile\Commands.Profile.csproj", "{142D7B0B-388A-4CEB-A228-7F6D423C5C2E}"
EndProject
Project("{FAE04EC0-301F-11D3-BF4B-00C04F79EFBC}") = "Commands.Network", "..\Network\Commands.Network\Commands.Network.csproj", "{98CFD96B-A6BC-4F15-AE2C-603FC2B58981}"
EndProject
Project("{FAE04EC0-301F-11D3-BF4B-00C04F79EFBC}") = "Commands.Management.Storage", "..\Storage.Management\Commands.Management.Storage\Commands.Management.Storage.csproj", "{A50AB133-5C04-4A17-9054-F8343683EC23}"
EndProject
Global
	GlobalSection(SolutionConfigurationPlatforms) = preSolution
		Debug|Any CPU = Debug|Any CPU
		Release|Any CPU = Release|Any CPU
	EndGlobalSection
	GlobalSection(ProjectConfigurationPlatforms) = postSolution
		{52643BD5-6378-49BD-9F6E-DAC9DD8A867B}.Debug|Any CPU.ActiveCfg = Debug|Any CPU
		{52643BD5-6378-49BD-9F6E-DAC9DD8A867B}.Debug|Any CPU.Build.0 = Debug|Any CPU
		{52643BD5-6378-49BD-9F6E-DAC9DD8A867B}.Release|Any CPU.ActiveCfg = Release|Any CPU
		{52643BD5-6378-49BD-9F6E-DAC9DD8A867B}.Release|Any CPU.Build.0 = Release|Any CPU
		{142D7B0B-388A-4CEB-A228-7F6D423C5C2E}.Debug|Any CPU.ActiveCfg = Debug|Any CPU
		{142D7B0B-388A-4CEB-A228-7F6D423C5C2E}.Debug|Any CPU.Build.0 = Debug|Any CPU
		{142D7B0B-388A-4CEB-A228-7F6D423C5C2E}.Release|Any CPU.ActiveCfg = Release|Any CPU
		{142D7B0B-388A-4CEB-A228-7F6D423C5C2E}.Release|Any CPU.Build.0 = Release|Any CPU
		{98CFD96B-A6BC-4F15-AE2C-603FC2B58981}.Debug|Any CPU.ActiveCfg = Debug|Any CPU
		{98CFD96B-A6BC-4F15-AE2C-603FC2B58981}.Debug|Any CPU.Build.0 = Debug|Any CPU
		{98CFD96B-A6BC-4F15-AE2C-603FC2B58981}.Release|Any CPU.ActiveCfg = Release|Any CPU
		{98CFD96B-A6BC-4F15-AE2C-603FC2B58981}.Release|Any CPU.Build.0 = Release|Any CPU
		{A50AB133-5C04-4A17-9054-F8343683EC23}.Debug|Any CPU.ActiveCfg = Debug|Any CPU
		{A50AB133-5C04-4A17-9054-F8343683EC23}.Debug|Any CPU.Build.0 = Debug|Any CPU
		{A50AB133-5C04-4A17-9054-F8343683EC23}.Release|Any CPU.ActiveCfg = Release|Any CPU
		{A50AB133-5C04-4A17-9054-F8343683EC23}.Release|Any CPU.Build.0 = Release|Any CPU
	EndGlobalSection
	GlobalSection(SolutionProperties) = preSolution
		HideSolutionNode = FALSE
	EndGlobalSection
	GlobalSection(ExtensibilityGlobals) = postSolution
		SolutionGuid = {02E96831-5D5C-4FDE-B65B-E11AFBB87A9A}
	EndGlobalSection
EndGlobal
