
Microsoft Visual Studio Solution File, Format Version 12.00
# Visual Studio Version 17
VisualStudioVersion = 17.0.31903.59
MinimumVisualStudioVersion = 10.0.40219.1
Project("{FAE04EC0-301F-11D3-BF4B-00C04F79EFBC}") = "Accounts", "..\Accounts\Accounts\Accounts.csproj", "{65EF2A45-DF90-4169-B40B-46271339C51A}"
EndProject
Project("{FAE04EC0-301F-11D3-BF4B-00C04F79EFBC}") = "AssemblyLoading", "..\Accounts\AssemblyLoading\AssemblyLoading.csproj", "{AA1204F8-E5F6-488A-B151-B65DD8938967}"
EndProject
Project("{FAE04EC0-301F-11D3-BF4B-00C04F79EFBC}") = "Authentication", "..\Accounts\Authentication\Authentication.csproj", "{58BD9BAF-60EA-4C5B-8EA1-7BDEB8BC59CD}"
EndProject
Project("{FAE04EC0-301F-11D3-BF4B-00C04F79EFBC}") = "Authentication.ResourceManager", "..\Accounts\Authentication.ResourceManager\Authentication.ResourceManager.csproj", "{7E15A64D-5710-475D-916D-7CCFD87D6459}"
EndProject
Project("{FAE04EC0-301F-11D3-BF4B-00C04F79EFBC}") = "AuthenticationAssemblyLoadContext", "..\Accounts\AuthenticationAssemblyLoadContext\AuthenticationAssemblyLoadContext.csproj", "{4BCAD95C-2773-4C35-8EDE-0976C1DDAC86}"
EndProject
Project("{FAE04EC0-301F-11D3-BF4B-00C04F79EFBC}") = "Authenticators", "..\Accounts\Authenticators\Authenticators.csproj", "{D1A4F498-9318-40A2-BD69-6C0321489D8C}"
EndProject
Project("{FAE04EC0-301F-11D3-BF4B-00C04F79EFBC}") = "MySql", "MySql\MySql.csproj", "{F0AE5475-5E3C-4022-832F-712BB27FF496}"
EndProject
Project("{FAE04EC0-301F-11D3-BF4B-00C04F79EFBC}") = "Az.MySql", "MySql.Autorest\Az.MySql.csproj", "{9EF4AF05-F181-44EC-ADDE-8F9B72FFCF4C}"
EndProject
Global
	GlobalSection(SolutionConfigurationPlatforms) = preSolution
		Debug|Any CPU = Debug|Any CPU
		Release|Any CPU = Release|Any CPU
	EndGlobalSection
	GlobalSection(SolutionProperties) = preSolution
		HideSolutionNode = FALSE
	EndGlobalSection
	GlobalSection(ProjectConfigurationPlatforms) = postSolution
		{65EF2A45-DF90-4169-B40B-46271339C51A}.Debug|Any CPU.ActiveCfg = Debug|Any CPU
		{65EF2A45-DF90-4169-B40B-46271339C51A}.Debug|Any CPU.Build.0 = Debug|Any CPU
		{65EF2A45-DF90-4169-B40B-46271339C51A}.Release|Any CPU.ActiveCfg = Release|Any CPU
		{65EF2A45-DF90-4169-B40B-46271339C51A}.Release|Any CPU.Build.0 = Release|Any CPU
		{AA1204F8-E5F6-488A-B151-B65DD8938967}.Debug|Any CPU.ActiveCfg = Debug|Any CPU
		{AA1204F8-E5F6-488A-B151-B65DD8938967}.Debug|Any CPU.Build.0 = Debug|Any CPU
		{AA1204F8-E5F6-488A-B151-B65DD8938967}.Release|Any CPU.ActiveCfg = Release|Any CPU
		{AA1204F8-E5F6-488A-B151-B65DD8938967}.Release|Any CPU.Build.0 = Release|Any CPU
		{58BD9BAF-60EA-4C5B-8EA1-7BDEB8BC59CD}.Debug|Any CPU.ActiveCfg = Debug|Any CPU
		{58BD9BAF-60EA-4C5B-8EA1-7BDEB8BC59CD}.Debug|Any CPU.Build.0 = Debug|Any CPU
		{58BD9BAF-60EA-4C5B-8EA1-7BDEB8BC59CD}.Release|Any CPU.ActiveCfg = Release|Any CPU
		{58BD9BAF-60EA-4C5B-8EA1-7BDEB8BC59CD}.Release|Any CPU.Build.0 = Release|Any CPU
		{7E15A64D-5710-475D-916D-7CCFD87D6459}.Debug|Any CPU.ActiveCfg = Debug|Any CPU
		{7E15A64D-5710-475D-916D-7CCFD87D6459}.Debug|Any CPU.Build.0 = Debug|Any CPU
		{7E15A64D-5710-475D-916D-7CCFD87D6459}.Release|Any CPU.ActiveCfg = Release|Any CPU
		{7E15A64D-5710-475D-916D-7CCFD87D6459}.Release|Any CPU.Build.0 = Release|Any CPU
		{4BCAD95C-2773-4C35-8EDE-0976C1DDAC86}.Debug|Any CPU.ActiveCfg = Debug|Any CPU
		{4BCAD95C-2773-4C35-8EDE-0976C1DDAC86}.Debug|Any CPU.Build.0 = Debug|Any CPU
		{4BCAD95C-2773-4C35-8EDE-0976C1DDAC86}.Release|Any CPU.ActiveCfg = Release|Any CPU
		{4BCAD95C-2773-4C35-8EDE-0976C1DDAC86}.Release|Any CPU.Build.0 = Release|Any CPU
		{D1A4F498-9318-40A2-BD69-6C0321489D8C}.Debug|Any CPU.ActiveCfg = Debug|Any CPU
		{D1A4F498-9318-40A2-BD69-6C0321489D8C}.Debug|Any CPU.Build.0 = Debug|Any CPU
		{D1A4F498-9318-40A2-BD69-6C0321489D8C}.Release|Any CPU.ActiveCfg = Release|Any CPU
		{D1A4F498-9318-40A2-BD69-6C0321489D8C}.Release|Any CPU.Build.0 = Release|Any CPU
		{F0AE5475-5E3C-4022-832F-712BB27FF496}.Debug|Any CPU.ActiveCfg = Debug|Any CPU
		{F0AE5475-5E3C-4022-832F-712BB27FF496}.Debug|Any CPU.Build.0 = Debug|Any CPU
		{F0AE5475-5E3C-4022-832F-712BB27FF496}.Release|Any CPU.ActiveCfg = Release|Any CPU
		{F0AE5475-5E3C-4022-832F-712BB27FF496}.Release|Any CPU.Build.0 = Release|Any CPU
		{9EF4AF05-F181-44EC-ADDE-8F9B72FFCF4C}.Debug|Any CPU.ActiveCfg = Debug|Any CPU
		{9EF4AF05-F181-44EC-ADDE-8F9B72FFCF4C}.Debug|Any CPU.Build.0 = Debug|Any CPU
		{9EF4AF05-F181-44EC-ADDE-8F9B72FFCF4C}.Release|Any CPU.ActiveCfg = Release|Any CPU
		{9EF4AF05-F181-44EC-ADDE-8F9B72FFCF4C}.Release|Any CPU.Build.0 = Release|Any CPU
	EndGlobalSection
EndGlobal
