
Microsoft Visual Studio Solution File, Format Version 12.00
# Visual Studio Version 16
VisualStudioVersion = 16.6.30114.105
MinimumVisualStudioVersion = 10.0.40219.1
Project("{FAE04EC0-301F-11D3-BF4B-00C04F79EFBC}") = "Accounts", "..\Accounts\Accounts\Accounts.csproj", "{FFEE0B10-E79F-4BBF-8584-49A753489230}"
EndProject
Project("{FAE04EC0-301F-11D3-BF4B-00C04F79EFBC}") = "Authentication", "..\Accounts\Authentication\Authentication.csproj", "{C84651E8-1E87-41DB-8270-6C2A0CE29455}"
EndProject
Project("{FAE04EC0-301F-11D3-BF4B-00C04F79EFBC}") = "Authentication.ResourceManager", "..\Accounts\Authentication.ResourceManager\Authentication.ResourceManager.csproj", "{9D83F3D5-C8FF-42CD-977F-F35B3CE4C0E2}"
EndProject
Project("{FAE04EC0-301F-11D3-BF4B-00C04F79EFBC}") = "Authenticators", "..\Accounts\Authenticators\Authenticators.csproj", "{04CDBAA0-3F8C-4674-8322-C7236BAB55D5}"
EndProject
Project("{FAE04EC0-301F-11D3-BF4B-00C04F79EFBC}") = "Az.CloudService", "Az.CloudService.csproj", "{5BA453A3-AF28-4139-89D2-9DA3DA35BDE3}"
EndProject
Global
	GlobalSection(SolutionConfigurationPlatforms) = preSolution
		Debug|Any CPU = Debug|Any CPU
		Debug|x64 = Debug|x64
		Debug|x86 = Debug|x86
		Release|Any CPU = Release|Any CPU
		Release|x64 = Release|x64
		Release|x86 = Release|x86
	EndGlobalSection
	GlobalSection(SolutionProperties) = preSolution
		HideSolutionNode = FALSE
	EndGlobalSection
	GlobalSection(ProjectConfigurationPlatforms) = postSolution
		{FFEE0B10-E79F-4BBF-8584-49A753489230}.Debug|Any CPU.ActiveCfg = Debug|Any CPU
		{FFEE0B10-E79F-4BBF-8584-49A753489230}.Debug|Any CPU.Build.0 = Debug|Any CPU
		{FFEE0B10-E79F-4BBF-8584-49A753489230}.Debug|x64.ActiveCfg = Debug|Any CPU
		{FFEE0B10-E79F-4BBF-8584-49A753489230}.Debug|x64.Build.0 = Debug|Any CPU
		{FFEE0B10-E79F-4BBF-8584-49A753489230}.Debug|x86.ActiveCfg = Debug|Any CPU
		{FFEE0B10-E79F-4BBF-8584-49A753489230}.Debug|x86.Build.0 = Debug|Any CPU
		{FFEE0B10-E79F-4BBF-8584-49A753489230}.Release|Any CPU.ActiveCfg = Release|Any CPU
		{FFEE0B10-E79F-4BBF-8584-49A753489230}.Release|Any CPU.Build.0 = Release|Any CPU
		{FFEE0B10-E79F-4BBF-8584-49A753489230}.Release|x64.ActiveCfg = Release|Any CPU
		{FFEE0B10-E79F-4BBF-8584-49A753489230}.Release|x64.Build.0 = Release|Any CPU
		{FFEE0B10-E79F-4BBF-8584-49A753489230}.Release|x86.ActiveCfg = Release|Any CPU
		{FFEE0B10-E79F-4BBF-8584-49A753489230}.Release|x86.Build.0 = Release|Any CPU
		{C84651E8-1E87-41DB-8270-6C2A0CE29455}.Debug|Any CPU.ActiveCfg = Debug|Any CPU
		{C84651E8-1E87-41DB-8270-6C2A0CE29455}.Debug|Any CPU.Build.0 = Debug|Any CPU
		{C84651E8-1E87-41DB-8270-6C2A0CE29455}.Debug|x64.ActiveCfg = Debug|Any CPU
		{C84651E8-1E87-41DB-8270-6C2A0CE29455}.Debug|x64.Build.0 = Debug|Any CPU
		{C84651E8-1E87-41DB-8270-6C2A0CE29455}.Debug|x86.ActiveCfg = Debug|Any CPU
		{C84651E8-1E87-41DB-8270-6C2A0CE29455}.Debug|x86.Build.0 = Debug|Any CPU
		{C84651E8-1E87-41DB-8270-6C2A0CE29455}.Release|Any CPU.ActiveCfg = Release|Any CPU
		{C84651E8-1E87-41DB-8270-6C2A0CE29455}.Release|Any CPU.Build.0 = Release|Any CPU
		{C84651E8-1E87-41DB-8270-6C2A0CE29455}.Release|x64.ActiveCfg = Release|Any CPU
		{C84651E8-1E87-41DB-8270-6C2A0CE29455}.Release|x64.Build.0 = Release|Any CPU
		{C84651E8-1E87-41DB-8270-6C2A0CE29455}.Release|x86.ActiveCfg = Release|Any CPU
		{C84651E8-1E87-41DB-8270-6C2A0CE29455}.Release|x86.Build.0 = Release|Any CPU
		{9D83F3D5-C8FF-42CD-977F-F35B3CE4C0E2}.Debug|Any CPU.ActiveCfg = Debug|Any CPU
		{9D83F3D5-C8FF-42CD-977F-F35B3CE4C0E2}.Debug|Any CPU.Build.0 = Debug|Any CPU
		{9D83F3D5-C8FF-42CD-977F-F35B3CE4C0E2}.Debug|x64.ActiveCfg = Debug|Any CPU
		{9D83F3D5-C8FF-42CD-977F-F35B3CE4C0E2}.Debug|x64.Build.0 = Debug|Any CPU
		{9D83F3D5-C8FF-42CD-977F-F35B3CE4C0E2}.Debug|x86.ActiveCfg = Debug|Any CPU
		{9D83F3D5-C8FF-42CD-977F-F35B3CE4C0E2}.Debug|x86.Build.0 = Debug|Any CPU
		{9D83F3D5-C8FF-42CD-977F-F35B3CE4C0E2}.Release|Any CPU.ActiveCfg = Release|Any CPU
		{9D83F3D5-C8FF-42CD-977F-F35B3CE4C0E2}.Release|Any CPU.Build.0 = Release|Any CPU
		{9D83F3D5-C8FF-42CD-977F-F35B3CE4C0E2}.Release|x64.ActiveCfg = Release|Any CPU
		{9D83F3D5-C8FF-42CD-977F-F35B3CE4C0E2}.Release|x64.Build.0 = Release|Any CPU
		{9D83F3D5-C8FF-42CD-977F-F35B3CE4C0E2}.Release|x86.ActiveCfg = Release|Any CPU
		{9D83F3D5-C8FF-42CD-977F-F35B3CE4C0E2}.Release|x86.Build.0 = Release|Any CPU
		{04CDBAA0-3F8C-4674-8322-C7236BAB55D5}.Debug|Any CPU.ActiveCfg = Debug|Any CPU
		{04CDBAA0-3F8C-4674-8322-C7236BAB55D5}.Debug|Any CPU.Build.0 = Debug|Any CPU
		{04CDBAA0-3F8C-4674-8322-C7236BAB55D5}.Debug|x64.ActiveCfg = Debug|Any CPU
		{04CDBAA0-3F8C-4674-8322-C7236BAB55D5}.Debug|x64.Build.0 = Debug|Any CPU
		{04CDBAA0-3F8C-4674-8322-C7236BAB55D5}.Debug|x86.ActiveCfg = Debug|Any CPU
		{04CDBAA0-3F8C-4674-8322-C7236BAB55D5}.Debug|x86.Build.0 = Debug|Any CPU
		{04CDBAA0-3F8C-4674-8322-C7236BAB55D5}.Release|Any CPU.ActiveCfg = Release|Any CPU
		{04CDBAA0-3F8C-4674-8322-C7236BAB55D5}.Release|Any CPU.Build.0 = Release|Any CPU
		{04CDBAA0-3F8C-4674-8322-C7236BAB55D5}.Release|x64.ActiveCfg = Release|Any CPU
		{04CDBAA0-3F8C-4674-8322-C7236BAB55D5}.Release|x64.Build.0 = Release|Any CPU
		{04CDBAA0-3F8C-4674-8322-C7236BAB55D5}.Release|x86.ActiveCfg = Release|Any CPU
		{04CDBAA0-3F8C-4674-8322-C7236BAB55D5}.Release|x86.Build.0 = Release|Any CPU
		{5BA453A3-AF28-4139-89D2-9DA3DA35BDE3}.Debug|Any CPU.ActiveCfg = Debug|Any CPU
		{5BA453A3-AF28-4139-89D2-9DA3DA35BDE3}.Debug|Any CPU.Build.0 = Debug|Any CPU
		{5BA453A3-AF28-4139-89D2-9DA3DA35BDE3}.Debug|x64.ActiveCfg = Debug|Any CPU
		{5BA453A3-AF28-4139-89D2-9DA3DA35BDE3}.Debug|x64.Build.0 = Debug|Any CPU
		{5BA453A3-AF28-4139-89D2-9DA3DA35BDE3}.Debug|x86.ActiveCfg = Debug|Any CPU
		{5BA453A3-AF28-4139-89D2-9DA3DA35BDE3}.Debug|x86.Build.0 = Debug|Any CPU
		{5BA453A3-AF28-4139-89D2-9DA3DA35BDE3}.Release|Any CPU.ActiveCfg = Release|Any CPU
		{5BA453A3-AF28-4139-89D2-9DA3DA35BDE3}.Release|Any CPU.Build.0 = Release|Any CPU
		{5BA453A3-AF28-4139-89D2-9DA3DA35BDE3}.Release|x64.ActiveCfg = Release|Any CPU
		{5BA453A3-AF28-4139-89D2-9DA3DA35BDE3}.Release|x64.Build.0 = Release|Any CPU
		{5BA453A3-AF28-4139-89D2-9DA3DA35BDE3}.Release|x86.ActiveCfg = Release|Any CPU
		{5BA453A3-AF28-4139-89D2-9DA3DA35BDE3}.Release|x86.Build.0 = Release|Any CPU
	EndGlobalSection
EndGlobal
