
Microsoft Visual Studio Solution File, Format Version 12.00
# Visual Studio Version 17
VisualStudioVersion = 17.0.31903.59
MinimumVisualStudioVersion = 10.0.40219.1
Project("{FAE04EC0-301F-11D3-BF4B-00C04F79EFBC}") = "Accounts", "..\Accounts\Accounts\Accounts.csproj", "{F5157071-CA84-4582-A5B8-E5519443DAE8}"
EndProject
Project("{FAE04EC0-301F-11D3-BF4B-00C04F79EFBC}") = "AssemblyLoading", "..\Accounts\AssemblyLoading\AssemblyLoading.csproj", "{919085A0-6C1B-4B3A-9A7E-D4B4C8B3033C}"
EndProject
Project("{FAE04EC0-301F-11D3-BF4B-00C04F79EFBC}") = "Authentication", "..\Accounts\Authentication\Authentication.csproj", "{0A13AF38-7529-4CA4-8585-CE3770E96B96}"
EndProject
Project("{FAE04EC0-301F-11D3-BF4B-00C04F79EFBC}") = "Authentication.ResourceManager", "..\Accounts\Authentication.ResourceManager\Authentication.ResourceManager.csproj", "{16B4B1C0-9687-461C-9BCF-C82084A39E99}"
EndProject
Project("{FAE04EC0-301F-11D3-BF4B-00C04F79EFBC}") = "AuthenticationAssemblyLoadContext", "..\Accounts\AuthenticationAssemblyLoadContext\AuthenticationAssemblyLoadContext.csproj", "{CDEE5E73-990F-4AEA-BB23-6DECDD4F228B}"
EndProject
Project("{FAE04EC0-301F-11D3-BF4B-00C04F79EFBC}") = "Authenticators", "..\Accounts\Authenticators\Authenticators.csproj", "{81183CFC-0D61-4354-9F51-16C5560FA036}"
EndProject
Project("{FAE04EC0-301F-11D3-BF4B-00C04F79EFBC}") = "Az.Cdn", "Az.Cdn.csproj", "{C0FD0C18-7835-4654-85CD-168C7C23DEB8}"
EndProject
Global
	GlobalSection(SolutionConfigurationPlatforms) = preSolution
		Debug|Any CPU = Debug|Any CPU
		Release|Any CPU = Release|Any CPU
	EndGlobalSection
	GlobalSection(SolutionProperties) = preSolution
		HideSolutionNode = FALSE
	EndGlobalSection
	GlobalSection(ProjectConfigurationPlatforms) = postSolution
		{F5157071-CA84-4582-A5B8-E5519443DAE8}.Debug|Any CPU.ActiveCfg = Debug|Any CPU
		{F5157071-CA84-4582-A5B8-E5519443DAE8}.Debug|Any CPU.Build.0 = Debug|Any CPU
		{F5157071-CA84-4582-A5B8-E5519443DAE8}.Release|Any CPU.ActiveCfg = Release|Any CPU
		{F5157071-CA84-4582-A5B8-E5519443DAE8}.Release|Any CPU.Build.0 = Release|Any CPU
		{919085A0-6C1B-4B3A-9A7E-D4B4C8B3033C}.Debug|Any CPU.ActiveCfg = Debug|Any CPU
		{919085A0-6C1B-4B3A-9A7E-D4B4C8B3033C}.Debug|Any CPU.Build.0 = Debug|Any CPU
		{919085A0-6C1B-4B3A-9A7E-D4B4C8B3033C}.Release|Any CPU.ActiveCfg = Release|Any CPU
		{919085A0-6C1B-4B3A-9A7E-D4B4C8B3033C}.Release|Any CPU.Build.0 = Release|Any CPU
		{0A13AF38-7529-4CA4-8585-CE3770E96B96}.Debug|Any CPU.ActiveCfg = Debug|Any CPU
		{0A13AF38-7529-4CA4-8585-CE3770E96B96}.Debug|Any CPU.Build.0 = Debug|Any CPU
		{0A13AF38-7529-4CA4-8585-CE3770E96B96}.Release|Any CPU.ActiveCfg = Release|Any CPU
		{0A13AF38-7529-4CA4-8585-CE3770E96B96}.Release|Any CPU.Build.0 = Release|Any CPU
		{16B4B1C0-9687-461C-9BCF-C82084A39E99}.Debug|Any CPU.ActiveCfg = Debug|Any CPU
		{16B4B1C0-9687-461C-9BCF-C82084A39E99}.Debug|Any CPU.Build.0 = Debug|Any CPU
		{16B4B1C0-9687-461C-9BCF-C82084A39E99}.Release|Any CPU.ActiveCfg = Release|Any CPU
		{16B4B1C0-9687-461C-9BCF-C82084A39E99}.Release|Any CPU.Build.0 = Release|Any CPU
		{CDEE5E73-990F-4AEA-BB23-6DECDD4F228B}.Debug|Any CPU.ActiveCfg = Debug|Any CPU
		{CDEE5E73-990F-4AEA-BB23-6DECDD4F228B}.Debug|Any CPU.Build.0 = Debug|Any CPU
		{CDEE5E73-990F-4AEA-BB23-6DECDD4F228B}.Release|Any CPU.ActiveCfg = Release|Any CPU
		{CDEE5E73-990F-4AEA-BB23-6DECDD4F228B}.Release|Any CPU.Build.0 = Release|Any CPU
		{81183CFC-0D61-4354-9F51-16C5560FA036}.Debug|Any CPU.ActiveCfg = Debug|Any CPU
		{81183CFC-0D61-4354-9F51-16C5560FA036}.Debug|Any CPU.Build.0 = Debug|Any CPU
		{81183CFC-0D61-4354-9F51-16C5560FA036}.Release|Any CPU.ActiveCfg = Release|Any CPU
		{81183CFC-0D61-4354-9F51-16C5560FA036}.Release|Any CPU.Build.0 = Release|Any CPU
		{C0FD0C18-7835-4654-85CD-168C7C23DEB8}.Debug|Any CPU.ActiveCfg = Debug|Any CPU
		{C0FD0C18-7835-4654-85CD-168C7C23DEB8}.Debug|Any CPU.Build.0 = Debug|Any CPU
		{C0FD0C18-7835-4654-85CD-168C7C23DEB8}.Release|Any CPU.ActiveCfg = Release|Any CPU
		{C0FD0C18-7835-4654-85CD-168C7C23DEB8}.Release|Any CPU.Build.0 = Release|Any CPU
	EndGlobalSection
EndGlobal
